// !$*UTF8*$!
{
	archiveVersion = 1;
	classes = {
	};
	objectVersion = 50;
	objects = {

/* Begin PBXBuildFile section */
		3BA6886221BA5A1700854030 /* AppDelegate.m in Sources */ = {isa = PBXBuildFile; fileRef = 3BA6886121BA5A1700854030 /* AppDelegate.m */; };
		3BA6886821BA5A1700854030 /* Main.storyboard in Resources */ = {isa = PBXBuildFile; fileRef = 3BA6886621BA5A1700854030 /* Main.storyboard */; };
		3BA6886A21BA5A1800854030 /* Assets.xcassets in Resources */ = {isa = PBXBuildFile; fileRef = 3BA6886921BA5A1800854030 /* Assets.xcassets */; };
		3BA6886D21BA5A1800854030 /* LaunchScreen.storyboard in Resources */ = {isa = PBXBuildFile; fileRef = 3BA6886B21BA5A1800854030 /* LaunchScreen.storyboard */; };
		3BA6887021BA5A1800854030 /* main.m in Sources */ = {isa = PBXBuildFile; fileRef = 3BA6886F21BA5A1800854030 /* main.m */; };
		3BA6887A21BA5A1800854030 /* RongCloudDemoTests.m in Sources */ = {isa = PBXBuildFile; fileRef = 3BA6887921BA5A1800854030 /* RongCloudDemoTests.m */; };
		3BA6888521BA5A1800854030 /* RongCloudDemoUITests.m in Sources */ = {isa = PBXBuildFile; fileRef = 3BA6888421BA5A1800854030 /* RongCloudDemoUITests.m */; };
		3BA688C621BA5BDC00854030 /* LoginViewController.m in Sources */ = {isa = PBXBuildFile; fileRef = 3BA6889321BA5BDB00854030 /* LoginViewController.m */; };
		3BA688C721BA5BDC00854030 /* SHConversationViewController.m in Sources */ = {isa = PBXBuildFile; fileRef = 3BA6889621BA5BDB00854030 /* SHConversationViewController.m */; };
		3BA688C821BA5BDC00854030 /* SHConversationListViewController.m in Sources */ = {isa = PBXBuildFile; fileRef = 3BA6889721BA5BDB00854030 /* SHConversationListViewController.m */; };
		3BA688C921BA5BDC00854030 /* SHMessageContent.m in Sources */ = {isa = PBXBuildFile; fileRef = 3BA6889A21BA5BDB00854030 /* SHMessageContent.m */; };
		3BA688CA21BA5BDC00854030 /* SHWebMessageCell.m in Sources */ = {isa = PBXBuildFile; fileRef = 3BA6889D21BA5BDB00854030 /* SHWebMessageCell.m */; };
		3BA688CB21BA5BDC00854030 /* SHGroupListViewController.m in Sources */ = {isa = PBXBuildFile; fileRef = 3BA688A221BA5BDB00854030 /* SHGroupListViewController.m */; };
		3BA688CF21BA5BDC00854030 /* urlPic.png in Resources */ = {isa = PBXBuildFile; fileRef = 3BA688A821BA5BDB00854030 /* urlPic.png */; };
		3BA688D021BA5BDC00854030 /* avatar_users_72px_1108447_easyicon.net.png in Resources */ = {isa = PBXBuildFile; fileRef = 3BA688A921BA5BDB00854030 /* avatar_users_72px_1108447_easyicon.net.png */; };
		3BA688D621BA5BDC00854030 /* Swift.png in Resources */ = {isa = PBXBuildFile; fileRef = 3BA688B221BA5BDB00854030 /* Swift.png */; };
		3BA688D721BA5BDC00854030 /* RootTabBarController.m in Sources */ = {isa = PBXBuildFile; fileRef = 3BA688B321BA5BDB00854030 /* RootTabBarController.m */; };
		3BA688D821BA5BDC00854030 /* HeaderView.m in Sources */ = {isa = PBXBuildFile; fileRef = 3BA688B721BA5BDB00854030 /* HeaderView.m */; };
		3BA688D921BA5BDC00854030 /* UserViewController.m in Sources */ = {isa = PBXBuildFile; fileRef = 3BA688B921BA5BDB00854030 /* UserViewController.m */; };
		3BA688DA21BA5BDC00854030 /* UserService.m in Sources */ = {isa = PBXBuildFile; fileRef = 3BA688BB21BA5BDB00854030 /* UserService.m */; };
		3BA688DB21BA5BDC00854030 /* SHExpressionTab.m in Sources */ = {isa = PBXBuildFile; fileRef = 3BA688BC21BA5BDB00854030 /* SHExpressionTab.m */; };
		3BA688DC21BA5BDC00854030 /* SHContactsListViewController.m in Sources */ = {isa = PBXBuildFile; fileRef = 3BA688C021BA5BDB00854030 /* SHContactsListViewController.m */; };
		3BA688DD21BA5BDC00854030 /* ContactCell.m in Sources */ = {isa = PBXBuildFile; fileRef = 3BA688C221BA5BDB00854030 /* ContactCell.m */; };
		3BA688DF21BA5C4300854030 /* libSDWebImage.a in Frameworks */ = {isa = PBXBuildFile; fileRef = 3BA688DE21BA5C4300854030 /* libSDWebImage.a */; };
		3BA688E621BE60F900854030 /* RongSticker.strings in Resources */ = {isa = PBXBuildFile; fileRef = 3BA688E121BE60F800854030 /* RongSticker.strings */; };
		3BA688E721BE60F900854030 /* RongSticker.bundle in Resources */ = {isa = PBXBuildFile; fileRef = 3BA688E421BE60F800854030 /* RongSticker.bundle */; };
		3BA688E821BE60F900854030 /* RongSticker.framework in Frameworks */ = {isa = PBXBuildFile; fileRef = 3BA688E521BE60F800854030 /* RongSticker.framework */; };
		3BA6898D21C0C0F200854030 /* BQMMRongCloudExt.framework in Frameworks */ = {isa = PBXBuildFile; fileRef = 3BA6898B21C0BFEE00854030 /* BQMMRongCloudExt.framework */; };
		3BA6898E21C0C10F00854030 /* BQMM.bundle in Resources */ = {isa = PBXBuildFile; fileRef = 3BA6898921C0BFC700854030 /* BQMM.bundle */; };
		3BA689A221C38D7700854030 /* RongSight.framework in Frameworks */ = {isa = PBXBuildFile; fileRef = 3BA689A121C38D7700854030 /* RongSight.framework */; };
		AC35CE09A7AD61F9F4209E6E /* libPods-RongCloudDemo.a in Frameworks */ = {isa = PBXBuildFile; fileRef = 05243C18222CE78D25349671 /* libPods-RongCloudDemo.a */; };
		AD663A830ED6269E87F1758C /* libPods-RongCloudDemoTests.a in Frameworks */ = {isa = PBXBuildFile; fileRef = BA38EE95A59BCA953C10F655 /* libPods-RongCloudDemoTests.a */; };
		CC1C182C3F6B213C7D6D8165 /* libPods-RongCloudDemoUITests.a in Frameworks */ = {isa = PBXBuildFile; fileRef = EB7D6705EB3F5944F7DEBD4F /* libPods-RongCloudDemoUITests.a */; };
/* End PBXBuildFile section */

/* Begin PBXContainerItemProxy section */
		3BA6887621BA5A1800854030 /* PBXContainerItemProxy */ = {
			isa = PBXContainerItemProxy;
			containerPortal = 3BA6885521BA5A1700854030 /* Project object */;
			proxyType = 1;
			remoteGlobalIDString = 3BA6885C21BA5A1700854030;
			remoteInfo = RongCloudDemo;
		};
		3BA6888121BA5A1800854030 /* PBXContainerItemProxy */ = {
			isa = PBXContainerItemProxy;
			containerPortal = 3BA6885521BA5A1700854030 /* Project object */;
			proxyType = 1;
			remoteGlobalIDString = 3BA6885C21BA5A1700854030;
			remoteInfo = RongCloudDemo;
		};
/* End PBXContainerItemProxy section */

/* Begin PBXFileReference section */
		05243C18222CE78D25349671 /* libPods-RongCloudDemo.a */ = {isa = PBXFileReference; explicitFileType = archive.ar; includeInIndex = 0; path = "libPods-RongCloudDemo.a"; sourceTree = BUILT_PRODUCTS_DIR; };
		3BA6885D21BA5A1700854030 /* RongCloudDemo.app */ = {isa = PBXFileReference; explicitFileType = wrapper.application; includeInIndex = 0; path = RongCloudDemo.app; sourceTree = BUILT_PRODUCTS_DIR; };
		3BA6886021BA5A1700854030 /* AppDelegate.h */ = {isa = PBXFileReference; lastKnownFileType = sourcecode.c.h; path = AppDelegate.h; sourceTree = "<group>"; };
		3BA6886121BA5A1700854030 /* AppDelegate.m */ = {isa = PBXFileReference; lastKnownFileType = sourcecode.c.objc; path = AppDelegate.m; sourceTree = "<group>"; };
		3BA6886721BA5A1700854030 /* Base */ = {isa = PBXFileReference; lastKnownFileType = file.storyboard; name = Base; path = Base.lproj/Main.storyboard; sourceTree = "<group>"; };
		3BA6886921BA5A1800854030 /* Assets.xcassets */ = {isa = PBXFileReference; lastKnownFileType = folder.assetcatalog; path = Assets.xcassets; sourceTree = "<group>"; };
		3BA6886C21BA5A1800854030 /* Base */ = {isa = PBXFileReference; lastKnownFileType = file.storyboard; name = Base; path = Base.lproj/LaunchScreen.storyboard; sourceTree = "<group>"; };
		3BA6886E21BA5A1800854030 /* Info.plist */ = {isa = PBXFileReference; lastKnownFileType = text.plist.xml; path = Info.plist; sourceTree = "<group>"; };
		3BA6886F21BA5A1800854030 /* main.m */ = {isa = PBXFileReference; lastKnownFileType = sourcecode.c.objc; path = main.m; sourceTree = "<group>"; };
		3BA6887521BA5A1800854030 /* RongCloudDemoTests.xctest */ = {isa = PBXFileReference; explicitFileType = wrapper.cfbundle; includeInIndex = 0; path = RongCloudDemoTests.xctest; sourceTree = BUILT_PRODUCTS_DIR; };
		3BA6887921BA5A1800854030 /* RongCloudDemoTests.m */ = {isa = PBXFileReference; lastKnownFileType = sourcecode.c.objc; path = RongCloudDemoTests.m; sourceTree = "<group>"; };
		3BA6887B21BA5A1800854030 /* Info.plist */ = {isa = PBXFileReference; lastKnownFileType = text.plist.xml; path = Info.plist; sourceTree = "<group>"; };
		3BA6888021BA5A1800854030 /* RongCloudDemoUITests.xctest */ = {isa = PBXFileReference; explicitFileType = wrapper.cfbundle; includeInIndex = 0; path = RongCloudDemoUITests.xctest; sourceTree = BUILT_PRODUCTS_DIR; };
		3BA6888421BA5A1800854030 /* RongCloudDemoUITests.m */ = {isa = PBXFileReference; lastKnownFileType = sourcecode.c.objc; path = RongCloudDemoUITests.m; sourceTree = "<group>"; };
		3BA6888621BA5A1800854030 /* Info.plist */ = {isa = PBXFileReference; lastKnownFileType = text.plist.xml; path = Info.plist; sourceTree = "<group>"; };
		3BA6889321BA5BDB00854030 /* LoginViewController.m */ = {isa = PBXFileReference; fileEncoding = 4; lastKnownFileType = sourcecode.c.objc; path = LoginViewController.m; sourceTree = "<group>"; };
		3BA6889421BA5BDB00854030 /* LoginViewController.h */ = {isa = PBXFileReference; fileEncoding = 4; lastKnownFileType = sourcecode.c.h; path = LoginViewController.h; sourceTree = "<group>"; };
		3BA6889621BA5BDB00854030 /* SHConversationViewController.m */ = {isa = PBXFileReference; fileEncoding = 4; lastKnownFileType = sourcecode.c.objc; path = SHConversationViewController.m; sourceTree = "<group>"; };
		3BA6889721BA5BDB00854030 /* SHConversationListViewController.m */ = {isa = PBXFileReference; fileEncoding = 4; lastKnownFileType = sourcecode.c.objc; path = SHConversationListViewController.m; sourceTree = "<group>"; };
		3BA6889821BA5BDB00854030 /* SHConversationViewController.h */ = {isa = PBXFileReference; fileEncoding = 4; lastKnownFileType = sourcecode.c.h; path = SHConversationViewController.h; sourceTree = "<group>"; };
		3BA6889A21BA5BDB00854030 /* SHMessageContent.m */ = {isa = PBXFileReference; fileEncoding = 4; lastKnownFileType = sourcecode.c.objc; path = SHMessageContent.m; sourceTree = "<group>"; };
		3BA6889B21BA5BDB00854030 /* SHMessageContent.h */ = {isa = PBXFileReference; fileEncoding = 4; lastKnownFileType = sourcecode.c.h; path = SHMessageContent.h; sourceTree = "<group>"; };
		3BA6889D21BA5BDB00854030 /* SHWebMessageCell.m */ = {isa = PBXFileReference; fileEncoding = 4; lastKnownFileType = sourcecode.c.objc; path = SHWebMessageCell.m; sourceTree = "<group>"; };
		3BA6889E21BA5BDB00854030 /* SHWebMessageCell.h */ = {isa = PBXFileReference; fileEncoding = 4; lastKnownFileType = sourcecode.c.h; path = SHWebMessageCell.h; sourceTree = "<group>"; };
		3BA6889F21BA5BDB00854030 /* SHConversationListViewController.h */ = {isa = PBXFileReference; fileEncoding = 4; lastKnownFileType = sourcecode.c.h; path = SHConversationListViewController.h; sourceTree = "<group>"; };
		3BA688A121BA5BDB00854030 /* SHGroupListViewController.h */ = {isa = PBXFileReference; fileEncoding = 4; lastKnownFileType = sourcecode.c.h; path = SHGroupListViewController.h; sourceTree = "<group>"; };
		3BA688A221BA5BDB00854030 /* SHGroupListViewController.m */ = {isa = PBXFileReference; fileEncoding = 4; lastKnownFileType = sourcecode.c.objc; path = SHGroupListViewController.m; sourceTree = "<group>"; };
		3BA688A821BA5BDB00854030 /* urlPic.png */ = {isa = PBXFileReference; lastKnownFileType = image.png; path = urlPic.png; sourceTree = "<group>"; };
		3BA688A921BA5BDB00854030 /* avatar_users_72px_1108447_easyicon.net.png */ = {isa = PBXFileReference; lastKnownFileType = image.png; path = avatar_users_72px_1108447_easyicon.net.png; sourceTree = "<group>"; };
		3BA688B221BA5BDB00854030 /* Swift.png */ = {isa = PBXFileReference; lastKnownFileType = image.png; path = Swift.png; sourceTree = "<group>"; };
		3BA688B321BA5BDB00854030 /* RootTabBarController.m */ = {isa = PBXFileReference; fileEncoding = 4; lastKnownFileType = sourcecode.c.objc; path = RootTabBarController.m; sourceTree = "<group>"; };
		3BA688B521BA5BDB00854030 /* UserViewController.h */ = {isa = PBXFileReference; fileEncoding = 4; lastKnownFileType = sourcecode.c.h; path = UserViewController.h; sourceTree = "<group>"; };
		3BA688B721BA5BDB00854030 /* HeaderView.m */ = {isa = PBXFileReference; fileEncoding = 4; lastKnownFileType = sourcecode.c.objc; path = HeaderView.m; sourceTree = "<group>"; };
		3BA688B821BA5BDB00854030 /* HeaderView.h */ = {isa = PBXFileReference; fileEncoding = 4; lastKnownFileType = sourcecode.c.h; path = HeaderView.h; sourceTree = "<group>"; };
		3BA688B921BA5BDB00854030 /* UserViewController.m */ = {isa = PBXFileReference; fileEncoding = 4; lastKnownFileType = sourcecode.c.objc; path = UserViewController.m; sourceTree = "<group>"; };
		3BA688BB21BA5BDB00854030 /* UserService.m */ = {isa = PBXFileReference; fileEncoding = 4; lastKnownFileType = sourcecode.c.objc; path = UserService.m; sourceTree = "<group>"; };
		3BA688BC21BA5BDB00854030 /* SHExpressionTab.m */ = {isa = PBXFileReference; fileEncoding = 4; lastKnownFileType = sourcecode.c.objc; path = SHExpressionTab.m; sourceTree = "<group>"; };
		3BA688BD21BA5BDB00854030 /* SHExpressionTab.h */ = {isa = PBXFileReference; fileEncoding = 4; lastKnownFileType = sourcecode.c.h; path = SHExpressionTab.h; sourceTree = "<group>"; };
		3BA688BE21BA5BDB00854030 /* UserService.h */ = {isa = PBXFileReference; fileEncoding = 4; lastKnownFileType = sourcecode.c.h; path = UserService.h; sourceTree = "<group>"; };
		3BA688C021BA5BDB00854030 /* SHContactsListViewController.m */ = {isa = PBXFileReference; fileEncoding = 4; lastKnownFileType = sourcecode.c.objc; path = SHContactsListViewController.m; sourceTree = "<group>"; };
		3BA688C221BA5BDB00854030 /* ContactCell.m */ = {isa = PBXFileReference; fileEncoding = 4; lastKnownFileType = sourcecode.c.objc; path = ContactCell.m; sourceTree = "<group>"; };
		3BA688C321BA5BDB00854030 /* ContactCell.h */ = {isa = PBXFileReference; fileEncoding = 4; lastKnownFileType = sourcecode.c.h; path = ContactCell.h; sourceTree = "<group>"; };
		3BA688C421BA5BDB00854030 /* SHContactsListViewController.h */ = {isa = PBXFileReference; fileEncoding = 4; lastKnownFileType = sourcecode.c.h; path = SHContactsListViewController.h; sourceTree = "<group>"; };
		3BA688C521BA5BDB00854030 /* RootTabBarController.h */ = {isa = PBXFileReference; fileEncoding = 4; lastKnownFileType = sourcecode.c.h; path = RootTabBarController.h; sourceTree = "<group>"; };
		3BA688DE21BA5C4300854030 /* libSDWebImage.a */ = {isa = PBXFileReference; explicitFileType = archive.ar; path = libSDWebImage.a; sourceTree = BUILT_PRODUCTS_DIR; };
		3BA688E221BE60F800854030 /* zh-Hans */ = {isa = PBXFileReference; lastKnownFileType = text.plist.strings; name = "zh-Hans"; path = "zh-Hans.lproj/RongSticker.strings"; sourceTree = "<group>"; };
		3BA688E321BE60F800854030 /* en */ = {isa = PBXFileReference; lastKnownFileType = text.plist.strings; name = en; path = en.lproj/RongSticker.strings; sourceTree = "<group>"; };
		3BA688E421BE60F800854030 /* RongSticker.bundle */ = {isa = PBXFileReference; lastKnownFileType = "wrapper.plug-in"; path = RongSticker.bundle; sourceTree = "<group>"; };
		3BA688E521BE60F800854030 /* RongSticker.framework */ = {isa = PBXFileReference; lastKnownFileType = wrapper.framework; path = RongSticker.framework; sourceTree = "<group>"; };
		3BA6898721C0BFAB00854030 /* BQMMRongCloudExt.framework */ = {isa = PBXFileReference; lastKnownFileType = wrapper.framework; name = BQMMRongCloudExt.framework; path = ../../../../Desktop/bqmm/BQMMRongCloudExt.framework; sourceTree = "<group>"; };
		3BA6898921C0BFC700854030 /* BQMM.bundle */ = {isa = PBXFileReference; lastKnownFileType = "wrapper.plug-in"; path = BQMM.bundle; sourceTree = "<group>"; };
		3BA6898B21C0BFEE00854030 /* BQMMRongCloudExt.framework */ = {isa = PBXFileReference; lastKnownFileType = wrapper.framework; path = BQMMRongCloudExt.framework; sourceTree = "<group>"; };
		3BA689A121C38D7700854030 /* RongSight.framework */ = {isa = PBXFileReference; lastKnownFileType = wrapper.framework; path = RongSight.framework; sourceTree = "<group>"; };
		61D2181E95025DCEC2BB756E /* Pods-RongCloudDemoUITests.release.xcconfig */ = {isa = PBXFileReference; includeInIndex = 1; lastKnownFileType = text.xcconfig; name = "Pods-RongCloudDemoUITests.release.xcconfig"; path = "Pods/Target Support Files/Pods-RongCloudDemoUITests/Pods-RongCloudDemoUITests.release.xcconfig"; sourceTree = "<group>"; };
		77E5BD714C218332FD71E759 /* Pods-RongCloudDemoUITests.debug.xcconfig */ = {isa = PBXFileReference; includeInIndex = 1; lastKnownFileType = text.xcconfig; name = "Pods-RongCloudDemoUITests.debug.xcconfig"; path = "Pods/Target Support Files/Pods-RongCloudDemoUITests/Pods-RongCloudDemoUITests.debug.xcconfig"; sourceTree = "<group>"; };
		BA38EE95A59BCA953C10F655 /* libPods-RongCloudDemoTests.a */ = {isa = PBXFileReference; explicitFileType = archive.ar; includeInIndex = 0; path = "libPods-RongCloudDemoTests.a"; sourceTree = BUILT_PRODUCTS_DIR; };
		BB3C891B6BD0937ACEBC578B /* Pods-RongCloudDemo.release.xcconfig */ = {isa = PBXFileReference; includeInIndex = 1; lastKnownFileType = text.xcconfig; name = "Pods-RongCloudDemo.release.xcconfig"; path = "Pods/Target Support Files/Pods-RongCloudDemo/Pods-RongCloudDemo.release.xcconfig"; sourceTree = "<group>"; };
		D06A15D40662D7D437D37535 /* Pods-RongCloudDemo.debug.xcconfig */ = {isa = PBXFileReference; includeInIndex = 1; lastKnownFileType = text.xcconfig; name = "Pods-RongCloudDemo.debug.xcconfig"; path = "Pods/Target Support Files/Pods-RongCloudDemo/Pods-RongCloudDemo.debug.xcconfig"; sourceTree = "<group>"; };
		E136878BACEEE691F24D11F2 /* Pods-RongCloudDemoTests.debug.xcconfig */ = {isa = PBXFileReference; includeInIndex = 1; lastKnownFileType = text.xcconfig; name = "Pods-RongCloudDemoTests.debug.xcconfig"; path = "Pods/Target Support Files/Pods-RongCloudDemoTests/Pods-RongCloudDemoTests.debug.xcconfig"; sourceTree = "<group>"; };
		EB7D6705EB3F5944F7DEBD4F /* libPods-RongCloudDemoUITests.a */ = {isa = PBXFileReference; explicitFileType = archive.ar; includeInIndex = 0; path = "libPods-RongCloudDemoUITests.a"; sourceTree = BUILT_PRODUCTS_DIR; };
		F2025791764707E207988B0A /* Pods-RongCloudDemoTests.release.xcconfig */ = {isa = PBXFileReference; includeInIndex = 1; lastKnownFileType = text.xcconfig; name = "Pods-RongCloudDemoTests.release.xcconfig"; path = "Pods/Target Support Files/Pods-RongCloudDemoTests/Pods-RongCloudDemoTests.release.xcconfig"; sourceTree = "<group>"; };
/* End PBXFileReference section */

/* Begin PBXFrameworksBuildPhase section */
		3BA6885A21BA5A1700854030 /* Frameworks */ = {
			isa = PBXFrameworksBuildPhase;
			buildActionMask = 2147483647;
			files = (
				3BA6898D21C0C0F200854030 /* BQMMRongCloudExt.framework in Frameworks */,
				3BA688DF21BA5C4300854030 /* libSDWebImage.a in Frameworks */,
				3BA688E821BE60F900854030 /* RongSticker.framework in Frameworks */,
				AC35CE09A7AD61F9F4209E6E /* libPods-RongCloudDemo.a in Frameworks */,
				3BA689A221C38D7700854030 /* RongSight.framework in Frameworks */,
			);
			runOnlyForDeploymentPostprocessing = 0;
		};
		3BA6887221BA5A1800854030 /* Frameworks */ = {
			isa = PBXFrameworksBuildPhase;
			buildActionMask = 2147483647;
			files = (
				AD663A830ED6269E87F1758C /* libPods-RongCloudDemoTests.a in Frameworks */,
			);
			runOnlyForDeploymentPostprocessing = 0;
		};
		3BA6887D21BA5A1800854030 /* Frameworks */ = {
			isa = PBXFrameworksBuildPhase;
			buildActionMask = 2147483647;
			files = (
				CC1C182C3F6B213C7D6D8165 /* libPods-RongCloudDemoUITests.a in Frameworks */,
			);
			runOnlyForDeploymentPostprocessing = 0;
		};
/* End PBXFrameworksBuildPhase section */

/* Begin PBXGroup section */
		10EF6FCA6F45BD1FBE135827 /* Frameworks */ = {
			isa = PBXGroup;
			children = (
				3BA6898721C0BFAB00854030 /* BQMMRongCloudExt.framework */,
				3BA688DE21BA5C4300854030 /* libSDWebImage.a */,
				05243C18222CE78D25349671 /* libPods-RongCloudDemo.a */,
				BA38EE95A59BCA953C10F655 /* libPods-RongCloudDemoTests.a */,
				EB7D6705EB3F5944F7DEBD4F /* libPods-RongCloudDemoUITests.a */,
			);
			name = Frameworks;
			sourceTree = "<group>";
		};
		3BA6885421BA5A1700854030 = {
			isa = PBXGroup;
			children = (
				3BA6898B21C0BFEE00854030 /* BQMMRongCloudExt.framework */,
				3BA6898921C0BFC700854030 /* BQMM.bundle */,
				3BA6885F21BA5A1700854030 /* RongCloudDemo */,
				3BA6887821BA5A1800854030 /* RongCloudDemoTests */,
				3BA6888321BA5A1800854030 /* RongCloudDemoUITests */,
				3BA6885E21BA5A1700854030 /* Products */,
				E26616B349A0B7A4EE34779F /* Pods */,
				10EF6FCA6F45BD1FBE135827 /* Frameworks */,
			);
			sourceTree = "<group>";
		};
		3BA6885E21BA5A1700854030 /* Products */ = {
			isa = PBXGroup;
			children = (
				3BA6885D21BA5A1700854030 /* RongCloudDemo.app */,
				3BA6887521BA5A1800854030 /* RongCloudDemoTests.xctest */,
				3BA6888021BA5A1800854030 /* RongCloudDemoUITests.xctest */,
			);
			name = Products;
			sourceTree = "<group>";
		};
		3BA6885F21BA5A1700854030 /* RongCloudDemo */ = {
			isa = PBXGroup;
			children = (
				3BA6886021BA5A1700854030 /* AppDelegate.h */,
				3BA6886121BA5A1700854030 /* AppDelegate.m */,
				3BA688C521BA5BDB00854030 /* RootTabBarController.h */,
				3BA688B321BA5BDB00854030 /* RootTabBarController.m */,
				3BA688BF21BA5BDB00854030 /* Contacts */,
				3BA6889521BA5BDB00854030 /* Conversation */,
				3BA688A021BA5BDB00854030 /* Group */,
				3BA688A321BA5BDB00854030 /* Libraries */,
				3BA6889221BA5BDB00854030 /* Login */,
				3BA688BA21BA5BDB00854030 /* Service */,
				3BA688B421BA5BDB00854030 /* User */,
				3BA6886921BA5A1800854030 /* Assets.xcassets */,
				3BA6886621BA5A1700854030 /* Main.storyboard */,
				3BA6886B21BA5A1800854030 /* LaunchScreen.storyboard */,
				3BA6886E21BA5A1800854030 /* Info.plist */,
				3BA6886F21BA5A1800854030 /* main.m */,
			);
			path = RongCloudDemo;
			sourceTree = "<group>";
		};
		3BA6887821BA5A1800854030 /* RongCloudDemoTests */ = {
			isa = PBXGroup;
			children = (
				3BA6887921BA5A1800854030 /* RongCloudDemoTests.m */,
				3BA6887B21BA5A1800854030 /* Info.plist */,
			);
			path = RongCloudDemoTests;
			sourceTree = "<group>";
		};
		3BA6888321BA5A1800854030 /* RongCloudDemoUITests */ = {
			isa = PBXGroup;
			children = (
				3BA6888421BA5A1800854030 /* RongCloudDemoUITests.m */,
				3BA6888621BA5A1800854030 /* Info.plist */,
			);
			path = RongCloudDemoUITests;
			sourceTree = "<group>";
		};
		3BA6889221BA5BDB00854030 /* Login */ = {
			isa = PBXGroup;
			children = (
				3BA6889421BA5BDB00854030 /* LoginViewController.h */,
				3BA6889321BA5BDB00854030 /* LoginViewController.m */,
			);
			path = Login;
			sourceTree = "<group>";
		};
		3BA6889521BA5BDB00854030 /* Conversation */ = {
			isa = PBXGroup;
			children = (
				3BA6889921BA5BDB00854030 /* Model */,
				3BA6889C21BA5BDB00854030 /* View */,
				3BA6889F21BA5BDB00854030 /* SHConversationListViewController.h */,
				3BA6889721BA5BDB00854030 /* SHConversationListViewController.m */,
				3BA6889821BA5BDB00854030 /* SHConversationViewController.h */,
				3BA6889621BA5BDB00854030 /* SHConversationViewController.m */,
			);
			path = Conversation;
			sourceTree = "<group>";
		};
		3BA6889921BA5BDB00854030 /* Model */ = {
			isa = PBXGroup;
			children = (
				3BA6889B21BA5BDB00854030 /* SHMessageContent.h */,
				3BA6889A21BA5BDB00854030 /* SHMessageContent.m */,
			);
			path = Model;
			sourceTree = "<group>";
		};
		3BA6889C21BA5BDB00854030 /* View */ = {
			isa = PBXGroup;
			children = (
				3BA6889E21BA5BDB00854030 /* SHWebMessageCell.h */,
				3BA6889D21BA5BDB00854030 /* SHWebMessageCell.m */,
			);
			path = View;
			sourceTree = "<group>";
		};
		3BA688A021BA5BDB00854030 /* Group */ = {
			isa = PBXGroup;
			children = (
				3BA688A121BA5BDB00854030 /* SHGroupListViewController.h */,
				3BA688A221BA5BDB00854030 /* SHGroupListViewController.m */,
			);
			path = Group;
			sourceTree = "<group>";
		};
		3BA688A321BA5BDB00854030 /* Libraries */ = {
			isa = PBXGroup;
			children = (
				3BA689A021C38D7700854030 /* Sight */,
				3BA688E021BE60F800854030 /* RongSticker */,
				3BA688A821BA5BDB00854030 /* urlPic.png */,
				3BA688A921BA5BDB00854030 /* avatar_users_72px_1108447_easyicon.net.png */,
				3BA688B221BA5BDB00854030 /* Swift.png */,
			);
			path = Libraries;
			sourceTree = "<group>";
		};
		3BA688B421BA5BDB00854030 /* User */ = {
			isa = PBXGroup;
			children = (
				3BA688B621BA5BDB00854030 /* View */,
				3BA688B521BA5BDB00854030 /* UserViewController.h */,
				3BA688B921BA5BDB00854030 /* UserViewController.m */,
			);
			path = User;
			sourceTree = "<group>";
		};
		3BA688B621BA5BDB00854030 /* View */ = {
			isa = PBXGroup;
			children = (
				3BA688B721BA5BDB00854030 /* HeaderView.m */,
				3BA688B821BA5BDB00854030 /* HeaderView.h */,
			);
			path = View;
			sourceTree = "<group>";
		};
		3BA688BA21BA5BDB00854030 /* Service */ = {
			isa = PBXGroup;
			children = (
				3BA688BD21BA5BDB00854030 /* SHExpressionTab.h */,
				3BA688BC21BA5BDB00854030 /* SHExpressionTab.m */,
				3BA688BE21BA5BDB00854030 /* UserService.h */,
				3BA688BB21BA5BDB00854030 /* UserService.m */,
			);
			path = Service;
			sourceTree = "<group>";
		};
		3BA688BF21BA5BDB00854030 /* Contacts */ = {
			isa = PBXGroup;
			children = (
				3BA688C121BA5BDB00854030 /* View */,
				3BA688C421BA5BDB00854030 /* SHContactsListViewController.h */,
				3BA688C021BA5BDB00854030 /* SHContactsListViewController.m */,
			);
			path = Contacts;
			sourceTree = "<group>";
		};
		3BA688C121BA5BDB00854030 /* View */ = {
			isa = PBXGroup;
			children = (
				3BA688C221BA5BDB00854030 /* ContactCell.m */,
				3BA688C321BA5BDB00854030 /* ContactCell.h */,
			);
			path = View;
			sourceTree = "<group>";
		};
		3BA688E021BE60F800854030 /* RongSticker */ = {
			isa = PBXGroup;
			children = (
				3BA688E121BE60F800854030 /* RongSticker.strings */,
				3BA688E421BE60F800854030 /* RongSticker.bundle */,
				3BA688E521BE60F800854030 /* RongSticker.framework */,
			);
			path = RongSticker;
			sourceTree = "<group>";
		};
		3BA689A021C38D7700854030 /* Sight */ = {
			isa = PBXGroup;
			children = (
				3BA689A121C38D7700854030 /* RongSight.framework */,
			);
			path = Sight;
			sourceTree = "<group>";
		};
		E26616B349A0B7A4EE34779F /* Pods */ = {
			isa = PBXGroup;
			children = (
				D06A15D40662D7D437D37535 /* Pods-RongCloudDemo.debug.xcconfig */,
				BB3C891B6BD0937ACEBC578B /* Pods-RongCloudDemo.release.xcconfig */,
				E136878BACEEE691F24D11F2 /* Pods-RongCloudDemoTests.debug.xcconfig */,
				F2025791764707E207988B0A /* Pods-RongCloudDemoTests.release.xcconfig */,
				77E5BD714C218332FD71E759 /* Pods-RongCloudDemoUITests.debug.xcconfig */,
				61D2181E95025DCEC2BB756E /* Pods-RongCloudDemoUITests.release.xcconfig */,
			);
			name = Pods;
			sourceTree = "<group>";
		};
/* End PBXGroup section */

/* Begin PBXNativeTarget section */
		3BA6885C21BA5A1700854030 /* RongCloudDemo */ = {
			isa = PBXNativeTarget;
			buildConfigurationList = 3BA6888921BA5A1800854030 /* Build configuration list for PBXNativeTarget "RongCloudDemo" */;
			buildPhases = (
				1237D2CB5BBC31E3A36B4DA8 /* [CP] Check Pods Manifest.lock */,
				3BA6885921BA5A1700854030 /* Sources */,
				3BA6885A21BA5A1700854030 /* Frameworks */,
				3BA6885B21BA5A1700854030 /* Resources */,
				24CF1C4287EBC52D4C15E1C9 /* [CP] Copy Pods Resources */,
			);
			buildRules = (
			);
			dependencies = (
			);
			name = RongCloudDemo;
			productName = RongCloudDemo;
			productReference = 3BA6885D21BA5A1700854030 /* RongCloudDemo.app */;
			productType = "com.apple.product-type.application";
		};
		3BA6887421BA5A1800854030 /* RongCloudDemoTests */ = {
			isa = PBXNativeTarget;
			buildConfigurationList = 3BA6888C21BA5A1800854030 /* Build configuration list for PBXNativeTarget "RongCloudDemoTests" */;
			buildPhases = (
				E905908C42F4468142522F4C /* [CP] Check Pods Manifest.lock */,
				3BA6887121BA5A1800854030 /* Sources */,
				3BA6887221BA5A1800854030 /* Frameworks */,
				3BA6887321BA5A1800854030 /* Resources */,
			);
			buildRules = (
			);
			dependencies = (
				3BA6887721BA5A1800854030 /* PBXTargetDependency */,
			);
			name = RongCloudDemoTests;
			productName = RongCloudDemoTests;
			productReference = 3BA6887521BA5A1800854030 /* RongCloudDemoTests.xctest */;
			productType = "com.apple.product-type.bundle.unit-test";
		};
		3BA6887F21BA5A1800854030 /* RongCloudDemoUITests */ = {
			isa = PBXNativeTarget;
			buildConfigurationList = 3BA6888F21BA5A1800854030 /* Build configuration list for PBXNativeTarget "RongCloudDemoUITests" */;
			buildPhases = (
				220424B32FBD53637DF4F48E /* [CP] Check Pods Manifest.lock */,
				3BA6887C21BA5A1800854030 /* Sources */,
				3BA6887D21BA5A1800854030 /* Frameworks */,
				3BA6887E21BA5A1800854030 /* Resources */,
			);
			buildRules = (
			);
			dependencies = (
				3BA6888221BA5A1800854030 /* PBXTargetDependency */,
			);
			name = RongCloudDemoUITests;
			productName = RongCloudDemoUITests;
			productReference = 3BA6888021BA5A1800854030 /* RongCloudDemoUITests.xctest */;
			productType = "com.apple.product-type.bundle.ui-testing";
		};
/* End PBXNativeTarget section */

/* Begin PBXProject section */
		3BA6885521BA5A1700854030 /* Project object */ = {
			isa = PBXProject;
			attributes = {
				LastUpgradeCheck = 1010;
				ORGANIZATIONNAME = RongCloud;
				TargetAttributes = {
					3BA6885C21BA5A1700854030 = {
						CreatedOnToolsVersion = 10.1;
					};
					3BA6887421BA5A1800854030 = {
						CreatedOnToolsVersion = 10.1;
						TestTargetID = 3BA6885C21BA5A1700854030;
					};
					3BA6887F21BA5A1800854030 = {
						CreatedOnToolsVersion = 10.1;
						TestTargetID = 3BA6885C21BA5A1700854030;
					};
				};
			};
			buildConfigurationList = 3BA6885821BA5A1700854030 /* Build configuration list for PBXProject "RongCloudDemo" */;
			compatibilityVersion = "Xcode 9.3";
			developmentRegion = en;
			hasScannedForEncodings = 0;
			knownRegions = (
				en,
				Base,
				"zh-Hans",
			);
			mainGroup = 3BA6885421BA5A1700854030;
			productRefGroup = 3BA6885E21BA5A1700854030 /* Products */;
			projectDirPath = "";
			projectRoot = "";
			targets = (
				3BA6885C21BA5A1700854030 /* RongCloudDemo */,
				3BA6887421BA5A1800854030 /* RongCloudDemoTests */,
				3BA6887F21BA5A1800854030 /* RongCloudDemoUITests */,
			);
		};
/* End PBXProject section */

/* Begin PBXResourcesBuildPhase section */
		3BA6885B21BA5A1700854030 /* Resources */ = {
			isa = PBXResourcesBuildPhase;
			buildActionMask = 2147483647;
			files = (
				3BA6898E21C0C10F00854030 /* BQMM.bundle in Resources */,
				3BA688E621BE60F900854030 /* RongSticker.strings in Resources */,
				3BA688D021BA5BDC00854030 /* avatar_users_72px_1108447_easyicon.net.png in Resources */,
				3BA688D621BA5BDC00854030 /* Swift.png in Resources */,
				3BA6886D21BA5A1800854030 /* LaunchScreen.storyboard in Resources */,
				3BA688CF21BA5BDC00854030 /* urlPic.png in Resources */,
				3BA688E721BE60F900854030 /* RongSticker.bundle in Resources */,
				3BA6886A21BA5A1800854030 /* Assets.xcassets in Resources */,
				3BA6886821BA5A1700854030 /* Main.storyboard in Resources */,
			);
			runOnlyForDeploymentPostprocessing = 0;
		};
		3BA6887321BA5A1800854030 /* Resources */ = {
			isa = PBXResourcesBuildPhase;
			buildActionMask = 2147483647;
			files = (
			);
			runOnlyForDeploymentPostprocessing = 0;
		};
		3BA6887E21BA5A1800854030 /* Resources */ = {
			isa = PBXResourcesBuildPhase;
			buildActionMask = 2147483647;
			files = (
			);
			runOnlyForDeploymentPostprocessing = 0;
		};
/* End PBXResourcesBuildPhase section */

/* Begin PBXShellScriptBuildPhase section */
		1237D2CB5BBC31E3A36B4DA8 /* [CP] Check Pods Manifest.lock */ = {
			isa = PBXShellScriptBuildPhase;
			buildActionMask = 2147483647;
			files = (
			);
			inputFileListPaths = (
			);
			inputPaths = (
				"${PODS_PODFILE_DIR_PATH}/Podfile.lock",
				"${PODS_ROOT}/Manifest.lock",
			);
			name = "[CP] Check Pods Manifest.lock";
			outputFileListPaths = (
			);
			outputPaths = (
				"$(DERIVED_FILE_DIR)/Pods-RongCloudDemo-checkManifestLockResult.txt",
			);
			runOnlyForDeploymentPostprocessing = 0;
			shellPath = /bin/sh;
			shellScript = "diff \"${PODS_PODFILE_DIR_PATH}/Podfile.lock\" \"${PODS_ROOT}/Manifest.lock\" > /dev/null\nif [ $? != 0 ] ; then\n    # print error to STDERR\n    echo \"error: The sandbox is not in sync with the Podfile.lock. Run 'pod install' or update your CocoaPods installation.\" >&2\n    exit 1\nfi\n# This output is used by Xcode 'outputs' to avoid re-running this script phase.\necho \"SUCCESS\" > \"${SCRIPT_OUTPUT_FILE_0}\"\n";
			showEnvVarsInLog = 0;
		};
		220424B32FBD53637DF4F48E /* [CP] Check Pods Manifest.lock */ = {
			isa = PBXShellScriptBuildPhase;
			buildActionMask = 2147483647;
			files = (
			);
			inputFileListPaths = (
			);
			inputPaths = (
				"${PODS_PODFILE_DIR_PATH}/Podfile.lock",
				"${PODS_ROOT}/Manifest.lock",
			);
			name = "[CP] Check Pods Manifest.lock";
			outputFileListPaths = (
			);
			outputPaths = (
				"$(DERIVED_FILE_DIR)/Pods-RongCloudDemoUITests-checkManifestLockResult.txt",
			);
			runOnlyForDeploymentPostprocessing = 0;
			shellPath = /bin/sh;
			shellScript = "diff \"${PODS_PODFILE_DIR_PATH}/Podfile.lock\" \"${PODS_ROOT}/Manifest.lock\" > /dev/null\nif [ $? != 0 ] ; then\n    # print error to STDERR\n    echo \"error: The sandbox is not in sync with the Podfile.lock. Run 'pod install' or update your CocoaPods installation.\" >&2\n    exit 1\nfi\n# This output is used by Xcode 'outputs' to avoid re-running this script phase.\necho \"SUCCESS\" > \"${SCRIPT_OUTPUT_FILE_0}\"\n";
			showEnvVarsInLog = 0;
		};
		24CF1C4287EBC52D4C15E1C9 /* [CP] Copy Pods Resources */ = {
			isa = PBXShellScriptBuildPhase;
			buildActionMask = 2147483647;
			files = (
			);
			inputFileListPaths = (
			);
			inputPaths = (
				"${SRCROOT}/Pods/Target Support Files/Pods-RongCloudDemo/Pods-RongCloudDemo-resources.sh",
				"${PODS_ROOT}/RongCloudIM/RongCloudIM/RongCloud.bundle",
				"${PODS_ROOT}/RongCloudIM/RongCloudIM/en.lproj",
				"${PODS_ROOT}/RongCloudIM/RongCloudIM/zh-Hans.lproj",
				"${PODS_ROOT}/RongCloudIM/RongCloudIM/Emoji.plist",
				"${PODS_ROOT}/RongCloudIM/RongCloudIM/RCColor.plist",
				"${PODS_ROOT}/RongCloudIM/RongCloudIM/RCConfig.plist",
			);
			name = "[CP] Copy Pods Resources";
			outputFileListPaths = (
			);
			outputPaths = (
				"${TARGET_BUILD_DIR}/${UNLOCALIZED_RESOURCES_FOLDER_PATH}/RongCloud.bundle",
				"${TARGET_BUILD_DIR}/${UNLOCALIZED_RESOURCES_FOLDER_PATH}/en.lproj",
				"${TARGET_BUILD_DIR}/${UNLOCALIZED_RESOURCES_FOLDER_PATH}/zh-Hans.lproj",
				"${TARGET_BUILD_DIR}/${UNLOCALIZED_RESOURCES_FOLDER_PATH}/Emoji.plist",
				"${TARGET_BUILD_DIR}/${UNLOCALIZED_RESOURCES_FOLDER_PATH}/RCColor.plist",
				"${TARGET_BUILD_DIR}/${UNLOCALIZED_RESOURCES_FOLDER_PATH}/RCConfig.plist",
			);
			runOnlyForDeploymentPostprocessing = 0;
			shellPath = /bin/sh;
			shellScript = "\"${SRCROOT}/Pods/Target Support Files/Pods-RongCloudDemo/Pods-RongCloudDemo-resources.sh\"\n";
			showEnvVarsInLog = 0;
		};
		E905908C42F4468142522F4C /* [CP] Check Pods Manifest.lock */ = {
			isa = PBXShellScriptBuildPhase;
			buildActionMask = 2147483647;
			files = (
			);
			inputFileListPaths = (
			);
			inputPaths = (
				"${PODS_PODFILE_DIR_PATH}/Podfile.lock",
				"${PODS_ROOT}/Manifest.lock",
			);
			name = "[CP] Check Pods Manifest.lock";
			outputFileListPaths = (
			);
			outputPaths = (
				"$(DERIVED_FILE_DIR)/Pods-RongCloudDemoTests-checkManifestLockResult.txt",
			);
			runOnlyForDeploymentPostprocessing = 0;
			shellPath = /bin/sh;
			shellScript = "diff \"${PODS_PODFILE_DIR_PATH}/Podfile.lock\" \"${PODS_ROOT}/Manifest.lock\" > /dev/null\nif [ $? != 0 ] ; then\n    # print error to STDERR\n    echo \"error: The sandbox is not in sync with the Podfile.lock. Run 'pod install' or update your CocoaPods installation.\" >&2\n    exit 1\nfi\n# This output is used by Xcode 'outputs' to avoid re-running this script phase.\necho \"SUCCESS\" > \"${SCRIPT_OUTPUT_FILE_0}\"\n";
			showEnvVarsInLog = 0;
		};
/* End PBXShellScriptBuildPhase section */

/* Begin PBXSourcesBuildPhase section */
		3BA6885921BA5A1700854030 /* Sources */ = {
			isa = PBXSourcesBuildPhase;
			buildActionMask = 2147483647;
			files = (
				3BA688C821BA5BDC00854030 /* SHConversationListViewController.m in Sources */,
				3BA688D721BA5BDC00854030 /* RootTabBarController.m in Sources */,
				3BA688C921BA5BDC00854030 /* SHMessageContent.m in Sources */,
				3BA688C621BA5BDC00854030 /* LoginViewController.m in Sources */,
				3BA688DD21BA5BDC00854030 /* ContactCell.m in Sources */,
				3BA688CA21BA5BDC00854030 /* SHWebMessageCell.m in Sources */,
				3BA688D821BA5BDC00854030 /* HeaderView.m in Sources */,
				3BA688DA21BA5BDC00854030 /* UserService.m in Sources */,
				3BA688DC21BA5BDC00854030 /* SHContactsListViewController.m in Sources */,
				3BA688CB21BA5BDC00854030 /* SHGroupListViewController.m in Sources */,
				3BA6887021BA5A1800854030 /* main.m in Sources */,
				3BA688D921BA5BDC00854030 /* UserViewController.m in Sources */,
				3BA688C721BA5BDC00854030 /* SHConversationViewController.m in Sources */,
				3BA688DB21BA5BDC00854030 /* SHExpressionTab.m in Sources */,
				3BA6886221BA5A1700854030 /* AppDelegate.m in Sources */,
			);
			runOnlyForDeploymentPostprocessing = 0;
		};
		3BA6887121BA5A1800854030 /* Sources */ = {
			isa = PBXSourcesBuildPhase;
			buildActionMask = 2147483647;
			files = (
				3BA6887A21BA5A1800854030 /* RongCloudDemoTests.m in Sources */,
			);
			runOnlyForDeploymentPostprocessing = 0;
		};
		3BA6887C21BA5A1800854030 /* Sources */ = {
			isa = PBXSourcesBuildPhase;
			buildActionMask = 2147483647;
			files = (
				3BA6888521BA5A1800854030 /* RongCloudDemoUITests.m in Sources */,
			);
			runOnlyForDeploymentPostprocessing = 0;
		};
/* End PBXSourcesBuildPhase section */

/* Begin PBXTargetDependency section */
		3BA6887721BA5A1800854030 /* PBXTargetDependency */ = {
			isa = PBXTargetDependency;
			target = 3BA6885C21BA5A1700854030 /* RongCloudDemo */;
			targetProxy = 3BA6887621BA5A1800854030 /* PBXContainerItemProxy */;
		};
		3BA6888221BA5A1800854030 /* PBXTargetDependency */ = {
			isa = PBXTargetDependency;
			target = 3BA6885C21BA5A1700854030 /* RongCloudDemo */;
			targetProxy = 3BA6888121BA5A1800854030 /* PBXContainerItemProxy */;
		};
/* End PBXTargetDependency section */

/* Begin PBXVariantGroup section */
		3BA6886621BA5A1700854030 /* Main.storyboard */ = {
			isa = PBXVariantGroup;
			children = (
				3BA6886721BA5A1700854030 /* Base */,
			);
			name = Main.storyboard;
			sourceTree = "<group>";
		};
		3BA6886B21BA5A1800854030 /* LaunchScreen.storyboard */ = {
			isa = PBXVariantGroup;
			children = (
				3BA6886C21BA5A1800854030 /* Base */,
			);
			name = LaunchScreen.storyboard;
			sourceTree = "<group>";
		};
		3BA688E121BE60F800854030 /* RongSticker.strings */ = {
			isa = PBXVariantGroup;
			children = (
				3BA688E221BE60F800854030 /* zh-Hans */,
				3BA688E321BE60F800854030 /* en */,
			);
			name = RongSticker.strings;
			sourceTree = "<group>";
		};
/* End PBXVariantGroup section */

/* Begin XCBuildConfiguration section */
		3BA6888721BA5A1800854030 /* Debug */ = {
			isa = XCBuildConfiguration;
			buildSettings = {
				ALWAYS_SEARCH_USER_PATHS = NO;
				CLANG_ANALYZER_NONNULL = YES;
				CLANG_ANALYZER_NUMBER_OBJECT_CONVERSION = YES_AGGRESSIVE;
				CLANG_CXX_LANGUAGE_STANDARD = "gnu++14";
				CLANG_CXX_LIBRARY = "libc++";
				CLANG_ENABLE_MODULES = YES;
				CLANG_ENABLE_OBJC_ARC = YES;
				CLANG_ENABLE_OBJC_WEAK = YES;
				CLANG_WARN_BLOCK_CAPTURE_AUTORELEASING = YES;
				CLANG_WARN_BOOL_CONVERSION = YES;
				CLANG_WARN_COMMA = YES;
				CLANG_WARN_CONSTANT_CONVERSION = YES;
				CLANG_WARN_DEPRECATED_OBJC_IMPLEMENTATIONS = YES;
				CLANG_WARN_DIRECT_OBJC_ISA_USAGE = YES_ERROR;
				CLANG_WARN_DOCUMENTATION_COMMENTS = YES;
				CLANG_WARN_EMPTY_BODY = YES;
				CLANG_WARN_ENUM_CONVERSION = YES;
				CLANG_WARN_INFINITE_RECURSION = YES;
				CLANG_WARN_INT_CONVERSION = YES;
				CLANG_WARN_NON_LITERAL_NULL_CONVERSION = YES;
				CLANG_WARN_OBJC_IMPLICIT_RETAIN_SELF = YES;
				CLANG_WARN_OBJC_LITERAL_CONVERSION = YES;
				CLANG_WARN_OBJC_ROOT_CLASS = YES_ERROR;
				CLANG_WARN_RANGE_LOOP_ANALYSIS = YES;
				CLANG_WARN_STRICT_PROTOTYPES = YES;
				CLANG_WARN_SUSPICIOUS_MOVE = YES;
				CLANG_WARN_UNGUARDED_AVAILABILITY = YES_AGGRESSIVE;
				CLANG_WARN_UNREACHABLE_CODE = YES;
				CLANG_WARN__DUPLICATE_METHOD_MATCH = YES;
				CODE_SIGN_IDENTITY = "iPhone Developer";
				COPY_PHASE_STRIP = NO;
				DEBUG_INFORMATION_FORMAT = dwarf;
				ENABLE_STRICT_OBJC_MSGSEND = YES;
				ENABLE_TESTABILITY = YES;
				GCC_C_LANGUAGE_STANDARD = gnu11;
				GCC_DYNAMIC_NO_PIC = NO;
				GCC_NO_COMMON_BLOCKS = YES;
				GCC_OPTIMIZATION_LEVEL = 0;
				GCC_PREPROCESSOR_DEFINITIONS = (
					"DEBUG=1",
					"$(inherited)",
				);
				GCC_WARN_64_TO_32_BIT_CONVERSION = YES;
				GCC_WARN_ABOUT_RETURN_TYPE = YES_ERROR;
				GCC_WARN_UNDECLARED_SELECTOR = YES;
				GCC_WARN_UNINITIALIZED_AUTOS = YES_AGGRESSIVE;
				GCC_WARN_UNUSED_FUNCTION = YES;
				GCC_WARN_UNUSED_VARIABLE = YES;
				IPHONEOS_DEPLOYMENT_TARGET = 12.1;
				MTL_ENABLE_DEBUG_INFO = INCLUDE_SOURCE;
				MTL_FAST_MATH = YES;
				ONLY_ACTIVE_ARCH = YES;
				SDKROOT = iphoneos;
			};
			name = Debug;
		};
		3BA6888821BA5A1800854030 /* Release */ = {
			isa = XCBuildConfiguration;
			buildSettings = {
				ALWAYS_SEARCH_USER_PATHS = NO;
				CLANG_ANALYZER_NONNULL = YES;
				CLANG_ANALYZER_NUMBER_OBJECT_CONVERSION = YES_AGGRESSIVE;
				CLANG_CXX_LANGUAGE_STANDARD = "gnu++14";
				CLANG_CXX_LIBRARY = "libc++";
				CLANG_ENABLE_MODULES = YES;
				CLANG_ENABLE_OBJC_ARC = YES;
				CLANG_ENABLE_OBJC_WEAK = YES;
				CLANG_WARN_BLOCK_CAPTURE_AUTORELEASING = YES;
				CLANG_WARN_BOOL_CONVERSION = YES;
				CLANG_WARN_COMMA = YES;
				CLANG_WARN_CONSTANT_CONVERSION = YES;
				CLANG_WARN_DEPRECATED_OBJC_IMPLEMENTATIONS = YES;
				CLANG_WARN_DIRECT_OBJC_ISA_USAGE = YES_ERROR;
				CLANG_WARN_DOCUMENTATION_COMMENTS = YES;
				CLANG_WARN_EMPTY_BODY = YES;
				CLANG_WARN_ENUM_CONVERSION = YES;
				CLANG_WARN_INFINITE_RECURSION = YES;
				CLANG_WARN_INT_CONVERSION = YES;
				CLANG_WARN_NON_LITERAL_NULL_CONVERSION = YES;
				CLANG_WARN_OBJC_IMPLICIT_RETAIN_SELF = YES;
				CLANG_WARN_OBJC_LITERAL_CONVERSION = YES;
				CLANG_WARN_OBJC_ROOT_CLASS = YES_ERROR;
				CLANG_WARN_RANGE_LOOP_ANALYSIS = YES;
				CLANG_WARN_STRICT_PROTOTYPES = YES;
				CLANG_WARN_SUSPICIOUS_MOVE = YES;
				CLANG_WARN_UNGUARDED_AVAILABILITY = YES_AGGRESSIVE;
				CLANG_WARN_UNREACHABLE_CODE = YES;
				CLANG_WARN__DUPLICATE_METHOD_MATCH = YES;
				CODE_SIGN_IDENTITY = "iPhone Developer";
				COPY_PHASE_STRIP = NO;
				DEBUG_INFORMATION_FORMAT = "dwarf-with-dsym";
				ENABLE_NS_ASSERTIONS = NO;
				ENABLE_STRICT_OBJC_MSGSEND = YES;
				GCC_C_LANGUAGE_STANDARD = gnu11;
				GCC_NO_COMMON_BLOCKS = YES;
				GCC_WARN_64_TO_32_BIT_CONVERSION = YES;
				GCC_WARN_ABOUT_RETURN_TYPE = YES_ERROR;
				GCC_WARN_UNDECLARED_SELECTOR = YES;
				GCC_WARN_UNINITIALIZED_AUTOS = YES_AGGRESSIVE;
				GCC_WARN_UNUSED_FUNCTION = YES;
				GCC_WARN_UNUSED_VARIABLE = YES;
				IPHONEOS_DEPLOYMENT_TARGET = 12.1;
				MTL_ENABLE_DEBUG_INFO = NO;
				MTL_FAST_MATH = YES;
				SDKROOT = iphoneos;
				VALIDATE_PRODUCT = YES;
			};
			name = Release;
		};
		3BA6888A21BA5A1800854030 /* Debug */ = {
			isa = XCBuildConfiguration;
			baseConfigurationReference = D06A15D40662D7D437D37535 /* Pods-RongCloudDemo.debug.xcconfig */;
			buildSettings = {
				ASSETCATALOG_COMPILER_APPICON_NAME = AppIcon;
				CODE_SIGN_STYLE = Automatic;
				DEVELOPMENT_TEAM = 3T8XA4F59Q;
				FRAMEWORK_SEARCH_PATHS = (
					"$(inherited)",
					"$(PROJECT_DIR)/RongCloudDemo/Libraries/IMLib",
					"$(PROJECT_DIR)/RongCloudDemo/Libraries/IMKit",
					"$(PROJECT_DIR)/RongCloudDemo/Libraries/RongSticker",
					"$(PROJECT_DIR)",
					"$(PROJECT_DIR)/RongCloudDemo/Libraries/Sight",
				);
				INFOPLIST_FILE = RongCloudDemo/Info.plist;
				IPHONEOS_DEPLOYMENT_TARGET = 9.0;
				LD_RUNPATH_SEARCH_PATHS = (
					"$(inherited)",
					"@executable_path/Frameworks",
				);
				LIBRARY_SEARCH_PATHS = (
					"$(inherited)",
					"$(PROJECT_DIR)/RongCloudDemo/Libraries/IMLib",
				);
				PRODUCT_BUNDLE_IDENTIFIER = cn.rongcloud.RongCloudDemo;
				PRODUCT_NAME = "$(TARGET_NAME)";
				TARGETED_DEVICE_FAMILY = "1,2";
			};
			name = Debug;
		};
		3BA6888B21BA5A1800854030 /* Release */ = {
			isa = XCBuildConfiguration;
			baseConfigurationReference = BB3C891B6BD0937ACEBC578B /* Pods-RongCloudDemo.release.xcconfig */;
			buildSettings = {
				ASSETCATALOG_COMPILER_APPICON_NAME = AppIcon;
				CODE_SIGN_STYLE = Automatic;
				DEVELOPMENT_TEAM = 3T8XA4F59Q;
				FRAMEWORK_SEARCH_PATHS = (
					"$(inherited)",
					"$(PROJECT_DIR)/RongCloudDemo/Libraries/IMLib",
					"$(PROJECT_DIR)/RongCloudDemo/Libraries/IMKit",
					"$(PROJECT_DIR)/RongCloudDemo/Libraries/RongSticker",
					"$(PROJECT_DIR)",
					"$(PROJECT_DIR)/RongCloudDemo/Libraries/Sight",
				);
				INFOPLIST_FILE = RongCloudDemo/Info.plist;
				IPHONEOS_DEPLOYMENT_TARGET = 9.0;
				LD_RUNPATH_SEARCH_PATHS = (
					"$(inherited)",
					"@executable_path/Frameworks",
				);
				LIBRARY_SEARCH_PATHS = (
					"$(inherited)",
					"$(PROJECT_DIR)/RongCloudDemo/Libraries/IMLib",
				);
				PRODUCT_BUNDLE_IDENTIFIER = cn.rongcloud.RongCloudDemo;
				PRODUCT_NAME = "$(TARGET_NAME)";
				TARGETED_DEVICE_FAMILY = "1,2";
			};
			name = Release;
		};
		3BA6888D21BA5A1800854030 /* Debug */ = {
			isa = XCBuildConfiguration;
			baseConfigurationReference = E136878BACEEE691F24D11F2 /* Pods-RongCloudDemoTests.debug.xcconfig */;
			buildSettings = {
				BUNDLE_LOADER = "$(TEST_HOST)";
				CODE_SIGN_STYLE = Automatic;
				DEVELOPMENT_TEAM = 3T8XA4F59Q;
				INFOPLIST_FILE = RongCloudDemoTests/Info.plist;
				LD_RUNPATH_SEARCH_PATHS = (
					"$(inherited)",
					"@executable_path/Frameworks",
					"@loader_path/Frameworks",
				);
				PRODUCT_BUNDLE_IDENTIFIER = cn.rongcloud.RongCloudDemoTests;
				PRODUCT_NAME = "$(TARGET_NAME)";
				TARGETED_DEVICE_FAMILY = "1,2";
				TEST_HOST = "$(BUILT_PRODUCTS_DIR)/RongCloudDemo.app/RongCloudDemo";
			};
			name = Debug;
		};
		3BA6888E21BA5A1800854030 /* Release */ = {
			isa = XCBuildConfiguration;
			baseConfigurationReference = F2025791764707E207988B0A /* Pods-RongCloudDemoTests.release.xcconfig */;
			buildSettings = {
				BUNDLE_LOADER = "$(TEST_HOST)";
				CODE_SIGN_STYLE = Automatic;
				DEVELOPMENT_TEAM = 3T8XA4F59Q;
				INFOPLIST_FILE = RongCloudDemoTests/Info.plist;
				LD_RUNPATH_SEARCH_PATHS = (
					"$(inherited)",
					"@executable_path/Frameworks",
					"@loader_path/Frameworks",
				);
				PRODUCT_BUNDLE_IDENTIFIER = cn.rongcloud.RongCloudDemoTests;
				PRODUCT_NAME = "$(TARGET_NAME)";
				TARGETED_DEVICE_FAMILY = "1,2";
				TEST_HOST = "$(BUILT_PRODUCTS_DIR)/RongCloudDemo.app/RongCloudDemo";
			};
			name = Release;
		};
		3BA6889021BA5A1800854030 /* Debug */ = {
			isa = XCBuildConfiguration;
			baseConfigurationReference = 77E5BD714C218332FD71E759 /* Pods-RongCloudDemoUITests.debug.xcconfig */;
			buildSettings = {
				CODE_SIGN_STYLE = Automatic;
				DEVELOPMENT_TEAM = 3T8XA4F59Q;
				INFOPLIST_FILE = RongCloudDemoUITests/Info.plist;
				LD_RUNPATH_SEARCH_PATHS = (
					"$(inherited)",
					"@executable_path/Frameworks",
					"@loader_path/Frameworks",
				);
				PRODUCT_BUNDLE_IDENTIFIER = cn.rongcloud.RongCloudDemoUITests;
				PRODUCT_NAME = "$(TARGET_NAME)";
				TARGETED_DEVICE_FAMILY = "1,2";
				TEST_TARGET_NAME = RongCloudDemo;
			};
			name = Debug;
		};
		3BA6889121BA5A1800854030 /* Release */ = {
			isa = XCBuildConfiguration;
			baseConfigurationReference = 61D2181E95025DCEC2BB756E /* Pods-RongCloudDemoUITests.release.xcconfig */;
			buildSettings = {
				CODE_SIGN_STYLE = Automatic;
				DEVELOPMENT_TEAM = 3T8XA4F59Q;
				INFOPLIST_FILE = RongCloudDemoUITests/Info.plist;
				LD_RUNPATH_SEARCH_PATHS = (
					"$(inherited)",
					"@executable_path/Frameworks",
					"@loader_path/Frameworks",
				);
				PRODUCT_BUNDLE_IDENTIFIER = cn.rongcloud.RongCloudDemoUITests;
				PRODUCT_NAME = "$(TARGET_NAME)";
				TARGETED_DEVICE_FAMILY = "1,2";
				TEST_TARGET_NAME = RongCloudDemo;
			};
			name = Release;
		};
/* End XCBuildConfiguration section */

/* Begin XCConfigurationList section */
		3BA6885821BA5A1700854030 /* Build configuration list for PBXProject "RongCloudDemo" */ = {
			isa = XCConfigurationList;
			buildConfigurations = (
				3BA6888721BA5A1800854030 /* Debug */,
				3BA6888821BA5A1800854030 /* Release */,
			);
			defaultConfigurationIsVisible = 0;
			defaultConfigurationName = Release;
		};
		3BA6888921BA5A1800854030 /* Build configuration list for PBXNativeTarget "RongCloudDemo" */ = {
			isa = XCConfigurationList;
			buildConfigurations = (
				3BA6888A21BA5A1800854030 /* Debug */,
				3BA6888B21BA5A1800854030 /* Release */,
			);
			defaultConfigurationIsVisible = 0;
			defaultConfigurationName = Release;
		};
		3BA6888C21BA5A1800854030 /* Build configuration list for PBXNativeTarget "RongCloudDemoTests" */ = {
			isa = XCConfigurationList;
			buildConfigurations = (
				3BA6888D21BA5A1800854030 /* Debug */,
				3BA6888E21BA5A1800854030 /* Release */,
			);
			defaultConfigurationIsVisible = 0;
			defaultConfigurationName = Release;
		};
		3BA6888F21BA5A1800854030 /* Build configuration list for PBXNativeTarget "RongCloudDemoUITests" */ = {
			isa = XCConfigurationList;
			buildConfigurations = (
				3BA6889021BA5A1800854030 /* Debug */,
				3BA6889121BA5A1800854030 /* Release */,
			);
			defaultConfigurationIsVisible = 0;
			defaultConfigurationName = Release;
		};
/* End XCConfigurationList section */
	};
	rootObject = 3BA6885521BA5A1700854030 /* Project object */;
}
