// !$*UTF8*$!
{
	archiveVersion = 1;
	classes = {
	};
	objectVersion = 50;
	objects = {

/* Begin PBXBuildFile section */
		12C5F6E65B0EB5D59AC39077 /* libPods-RongCloudDemoTests.a in Frameworks */ = {isa = PBXBuildFile; fileRef = 04CBC07B7D6892495B234003 /* libPods-RongCloudDemoTests.a */; };
		26144630DA5A57FC0FFF670E /* libPods-RongCloudDemo.a in Frameworks */ = {isa = PBXBuildFile; fileRef = 8B452F8E744366EDF67926D0 /* libPods-RongCloudDemo.a */; };
		3B1A7E6621ACDEFF000B06D4 /* AppDelegate.m in Sources */ = {isa = PBXBuildFile; fileRef = 3B1A7E6521ACDEFF000B06D4 /* AppDelegate.m */; };
		3B1A7E6C21ACDEFF000B06D4 /* Main.storyboard in Resources */ = {isa = PBXBuildFile; fileRef = 3B1A7E6A21ACDEFF000B06D4 /* Main.storyboard */; };
		3B1A7E6E21ACDF00000B06D4 /* Assets.xcassets in Resources */ = {isa = PBXBuildFile; fileRef = 3B1A7E6D21ACDF00000B06D4 /* Assets.xcassets */; };
		3B1A7E7121ACDF00000B06D4 /* LaunchScreen.storyboard in Resources */ = {isa = PBXBuildFile; fileRef = 3B1A7E6F21ACDF00000B06D4 /* LaunchScreen.storyboard */; };
		3B1A7E7421ACDF00000B06D4 /* main.m in Sources */ = {isa = PBXBuildFile; fileRef = 3B1A7E7321ACDF00000B06D4 /* main.m */; };
		3B1A7E7E21ACDF01000B06D4 /* RongCloudDemoTests.m in Sources */ = {isa = PBXBuildFile; fileRef = 3B1A7E7D21ACDF01000B06D4 /* RongCloudDemoTests.m */; };
		3B1A7E8921ACDF01000B06D4 /* RongCloudDemoUITests.m in Sources */ = {isa = PBXBuildFile; fileRef = 3B1A7E8821ACDF01000B06D4 /* RongCloudDemoUITests.m */; };
		3B1A7E9A21ACE063000B06D4 /* AssetsLibrary.framework in Frameworks */ = {isa = PBXBuildFile; fileRef = 3B1A7E9921ACE063000B06D4 /* AssetsLibrary.framework */; };
		3B1A7E9C21ACE06E000B06D4 /* AudioToolbox.framework in Frameworks */ = {isa = PBXBuildFile; fileRef = 3B1A7E9B21ACE06E000B06D4 /* AudioToolbox.framework */; };
		3B1A7E9E21ACE073000B06D4 /* AVFoundation.framework in Frameworks */ = {isa = PBXBuildFile; fileRef = 3B1A7E9D21ACE073000B06D4 /* AVFoundation.framework */; };
		3B1A7EA021ACE079000B06D4 /* CFNetwork.framework in Frameworks */ = {isa = PBXBuildFile; fileRef = 3B1A7E9F21ACE079000B06D4 /* CFNetwork.framework */; };
		3B1A7EA221ACE084000B06D4 /* CoreAudio.framework in Frameworks */ = {isa = PBXBuildFile; fileRef = 3B1A7EA121ACE084000B06D4 /* CoreAudio.framework */; };
		3B1A7EA421ACE08D000B06D4 /* CoreGraphics.framework in Frameworks */ = {isa = PBXBuildFile; fileRef = 3B1A7EA321ACE08D000B06D4 /* CoreGraphics.framework */; };
		3B1A7EA621ACE093000B06D4 /* CoreLocation.framework in Frameworks */ = {isa = PBXBuildFile; fileRef = 3B1A7EA521ACE093000B06D4 /* CoreLocation.framework */; };
		3B1A7EA821ACE099000B06D4 /* CoreMedia.framework in Frameworks */ = {isa = PBXBuildFile; fileRef = 3B1A7EA721ACE099000B06D4 /* CoreMedia.framework */; };
		3B1A7EAA21ACE09F000B06D4 /* CoreTelephony.framework in Frameworks */ = {isa = PBXBuildFile; fileRef = 3B1A7EA921ACE09F000B06D4 /* CoreTelephony.framework */; };
		3B1A7EAC21ACE0A5000B06D4 /* CoreVideo.framework in Frameworks */ = {isa = PBXBuildFile; fileRef = 3B1A7EAB21ACE0A5000B06D4 /* CoreVideo.framework */; };
		3B1A7EAE21ACE0AC000B06D4 /* ImageIO.framework in Frameworks */ = {isa = PBXBuildFile; fileRef = 3B1A7EAD21ACE0AC000B06D4 /* ImageIO.framework */; };
		3B1A7EB021ACE0B7000B06D4 /* libc++.tbd in Frameworks */ = {isa = PBXBuildFile; fileRef = 3B1A7EAF21ACE0B7000B06D4 /* libc++.tbd */; };
		3B1A7EB221ACE0C2000B06D4 /* libc++abi.tbd in Frameworks */ = {isa = PBXBuildFile; fileRef = 3B1A7EB121ACE0C2000B06D4 /* libc++abi.tbd */; };
		3B1A7EB421ACE0C9000B06D4 /* libsqlite3.tbd in Frameworks */ = {isa = PBXBuildFile; fileRef = 3B1A7EB321ACE0C9000B06D4 /* libsqlite3.tbd */; };
		3B1A7EB621ACE104000B06D4 /* libxml2.tbd in Frameworks */ = {isa = PBXBuildFile; fileRef = 3B1A7EB521ACE104000B06D4 /* libxml2.tbd */; };
		3B1A7EB821ACE10C000B06D4 /* libz.tbd in Frameworks */ = {isa = PBXBuildFile; fileRef = 3B1A7EB721ACE10C000B06D4 /* libz.tbd */; };
		3B1A7EBA21ACE112000B06D4 /* MapKit.framework in Frameworks */ = {isa = PBXBuildFile; fileRef = 3B1A7EB921ACE112000B06D4 /* MapKit.framework */; };
		3B1A7EBC21ACE118000B06D4 /* OpenGLES.framework in Frameworks */ = {isa = PBXBuildFile; fileRef = 3B1A7EBB21ACE118000B06D4 /* OpenGLES.framework */; };
		3B1A7EBE21ACE11D000B06D4 /* QuartzCore.framework in Frameworks */ = {isa = PBXBuildFile; fileRef = 3B1A7EBD21ACE11D000B06D4 /* QuartzCore.framework */; };
		3B1A7EC021ACE122000B06D4 /* SystemConfiguration.framework in Frameworks */ = {isa = PBXBuildFile; fileRef = 3B1A7EBF21ACE122000B06D4 /* SystemConfiguration.framework */; };
		3B1A7EC221ACE127000B06D4 /* UIKit.framework in Frameworks */ = {isa = PBXBuildFile; fileRef = 3B1A7EC121ACE127000B06D4 /* UIKit.framework */; };
		3B1A7EC421ACE12D000B06D4 /* Photos.framework in Frameworks */ = {isa = PBXBuildFile; fileRef = 3B1A7EC321ACE12D000B06D4 /* Photos.framework */; };
		3B1A7EC621ACE132000B06D4 /* SafariServices.framework in Frameworks */ = {isa = PBXBuildFile; fileRef = 3B1A7EC521ACE132000B06D4 /* SafariServices.framework */; };
		3B5DA89921AE3F9C009148FE /* RongIMLib.framework in Frameworks */ = {isa = PBXBuildFile; fileRef = 3B5DA88E21AE3F9C009148FE /* RongIMLib.framework */; };
		3B5DA89A21AE3F9C009148FE /* libopencore-amrnb.a in Frameworks */ = {isa = PBXBuildFile; fileRef = 3B5DA88F21AE3F9C009148FE /* libopencore-amrnb.a */; };
		3B5DA89B21AE3F9C009148FE /* RCConfig.plist in Resources */ = {isa = PBXBuildFile; fileRef = 3B5DA89021AE3F9C009148FE /* RCConfig.plist */; };
		3B5DA89C21AE3F9C009148FE /* RCColor.plist in Resources */ = {isa = PBXBuildFile; fileRef = 3B5DA89221AE3F9C009148FE /* RCColor.plist */; };
		3B5DA89D21AE3F9C009148FE /* RongCloudKit.strings in Resources */ = {isa = PBXBuildFile; fileRef = 3B5DA89321AE3F9C009148FE /* RongCloudKit.strings */; };
		3B5DA89E21AE3F9C009148FE /* RongIMKit.framework in Frameworks */ = {isa = PBXBuildFile; fileRef = 3B5DA89621AE3F9C009148FE /* RongIMKit.framework */; };
		3B5DA89F21AE3F9C009148FE /* Emoji.plist in Resources */ = {isa = PBXBuildFile; fileRef = 3B5DA89721AE3F9C009148FE /* Emoji.plist */; };
		3B5DA8A021AE3F9C009148FE /* RongCloud.bundle in Resources */ = {isa = PBXBuildFile; fileRef = 3B5DA89821AE3F9C009148FE /* RongCloud.bundle */; };
		3B5DA8AE21AE3FE9009148FE /* SHGroupListViewController.m in Sources */ = {isa = PBXBuildFile; fileRef = 3B5DA8A321AE3FE9009148FE /* SHGroupListViewController.m */; };
		3B5DA8AF21AE3FE9009148FE /* SHDiscussionListViewController.m in Sources */ = {isa = PBXBuildFile; fileRef = 3B5DA8A521AE3FE9009148FE /* SHDiscussionListViewController.m */; };
		3B5DA8B021AE3FE9009148FE /* SHContactsListViewController.m in Sources */ = {isa = PBXBuildFile; fileRef = 3B5DA8A821AE3FE9009148FE /* SHContactsListViewController.m */; };
		3B5DA8B121AE3FE9009148FE /* ContactCell.m in Sources */ = {isa = PBXBuildFile; fileRef = 3B5DA8AB21AE3FE9009148FE /* ContactCell.m */; };
		3B5DA8B821AE43B0009148FE /* UserListService.m in Sources */ = {isa = PBXBuildFile; fileRef = 3B5DA8B721AE43AF009148FE /* UserListService.m */; };
		3BB72B0821AE3268005FA5F0 /* RootTabBarController.m in Sources */ = {isa = PBXBuildFile; fileRef = 3BB72B0721AE3268005FA5F0 /* RootTabBarController.m */; };
		3BB72B1121AE329B005FA5F0 /* SHConversationViewController.m in Sources */ = {isa = PBXBuildFile; fileRef = 3BB72B0C21AE329B005FA5F0 /* SHConversationViewController.m */; };
		3BB72B1221AE329B005FA5F0 /* SHConversationListViewController.m in Sources */ = {isa = PBXBuildFile; fileRef = 3BB72B0D21AE329B005FA5F0 /* SHConversationListViewController.m */; };
		3BCEA1D121AE4D610029F608 /* avatar_users_72px_1108447_easyicon.net.png in Resources */ = {isa = PBXBuildFile; fileRef = 3BCEA1D021AE4D600029F608 /* avatar_users_72px_1108447_easyicon.net.png */; };
		3BCEA1D321AE69270029F608 /* libSDWebImage.a in Frameworks */ = {isa = PBXBuildFile; fileRef = 3BCEA1D221AE69270029F608 /* libSDWebImage.a */; };
		5C4BEB6A57B16FF05C8D1DA6 /* libPods-RongCloudDemoUITests.a in Frameworks */ = {isa = PBXBuildFile; fileRef = FFEC41A607DFD8E12EF57BE7 /* libPods-RongCloudDemoUITests.a */; };
/* End PBXBuildFile section */

/* Begin PBXContainerItemProxy section */
		3B1A7E7A21ACDF01000B06D4 /* PBXContainerItemProxy */ = {
			isa = PBXContainerItemProxy;
			containerPortal = 3B1A7E5921ACDEFE000B06D4 /* Project object */;
			proxyType = 1;
			remoteGlobalIDString = 3B1A7E6021ACDEFF000B06D4;
			remoteInfo = RongCloudDemo;
		};
		3B1A7E8521ACDF01000B06D4 /* PBXContainerItemProxy */ = {
			isa = PBXContainerItemProxy;
			containerPortal = 3B1A7E5921ACDEFE000B06D4 /* Project object */;
			proxyType = 1;
			remoteGlobalIDString = 3B1A7E6021ACDEFF000B06D4;
			remoteInfo = RongCloudDemo;
		};
/* End PBXContainerItemProxy section */

/* Begin PBXFileReference section */
		04CBC07B7D6892495B234003 /* libPods-RongCloudDemoTests.a */ = {isa = PBXFileReference; explicitFileType = archive.ar; includeInIndex = 0; path = "libPods-RongCloudDemoTests.a"; sourceTree = BUILT_PRODUCTS_DIR; };
		1A3CC42765C15E2B5B411594 /* Pods-RongCloudDemoTests.release.xcconfig */ = {isa = PBXFileReference; includeInIndex = 1; lastKnownFileType = text.xcconfig; name = "Pods-RongCloudDemoTests.release.xcconfig"; path = "Pods/Target Support Files/Pods-RongCloudDemoTests/Pods-RongCloudDemoTests.release.xcconfig"; sourceTree = "<group>"; };
		2A945B34B184CCB0A93C66AE /* Pods-RongCloudDemo.release.xcconfig */ = {isa = PBXFileReference; includeInIndex = 1; lastKnownFileType = text.xcconfig; name = "Pods-RongCloudDemo.release.xcconfig"; path = "Pods/Target Support Files/Pods-RongCloudDemo/Pods-RongCloudDemo.release.xcconfig"; sourceTree = "<group>"; };
		3B1A7E6121ACDEFF000B06D4 /* RongCloudDemo.app */ = {isa = PBXFileReference; explicitFileType = wrapper.application; includeInIndex = 0; path = RongCloudDemo.app; sourceTree = BUILT_PRODUCTS_DIR; };
		3B1A7E6421ACDEFF000B06D4 /* AppDelegate.h */ = {isa = PBXFileReference; lastKnownFileType = sourcecode.c.h; path = AppDelegate.h; sourceTree = "<group>"; };
		3B1A7E6521ACDEFF000B06D4 /* AppDelegate.m */ = {isa = PBXFileReference; lastKnownFileType = sourcecode.c.objc; path = AppDelegate.m; sourceTree = "<group>"; };
		3B1A7E6B21ACDEFF000B06D4 /* Base */ = {isa = PBXFileReference; lastKnownFileType = file.storyboard; name = Base; path = Base.lproj/Main.storyboard; sourceTree = "<group>"; };
		3B1A7E6D21ACDF00000B06D4 /* Assets.xcassets */ = {isa = PBXFileReference; lastKnownFileType = folder.assetcatalog; path = Assets.xcassets; sourceTree = "<group>"; };
		3B1A7E7021ACDF00000B06D4 /* Base */ = {isa = PBXFileReference; lastKnownFileType = file.storyboard; name = Base; path = Base.lproj/LaunchScreen.storyboard; sourceTree = "<group>"; };
		3B1A7E7221ACDF00000B06D4 /* Info.plist */ = {isa = PBXFileReference; lastKnownFileType = text.plist.xml; path = Info.plist; sourceTree = "<group>"; };
		3B1A7E7321ACDF00000B06D4 /* main.m */ = {isa = PBXFileReference; lastKnownFileType = sourcecode.c.objc; path = main.m; sourceTree = "<group>"; };
		3B1A7E7921ACDF01000B06D4 /* RongCloudDemoTests.xctest */ = {isa = PBXFileReference; explicitFileType = wrapper.cfbundle; includeInIndex = 0; path = RongCloudDemoTests.xctest; sourceTree = BUILT_PRODUCTS_DIR; };
		3B1A7E7D21ACDF01000B06D4 /* RongCloudDemoTests.m */ = {isa = PBXFileReference; lastKnownFileType = sourcecode.c.objc; path = RongCloudDemoTests.m; sourceTree = "<group>"; };
		3B1A7E7F21ACDF01000B06D4 /* Info.plist */ = {isa = PBXFileReference; lastKnownFileType = text.plist.xml; path = Info.plist; sourceTree = "<group>"; };
		3B1A7E8421ACDF01000B06D4 /* RongCloudDemoUITests.xctest */ = {isa = PBXFileReference; explicitFileType = wrapper.cfbundle; includeInIndex = 0; path = RongCloudDemoUITests.xctest; sourceTree = BUILT_PRODUCTS_DIR; };
		3B1A7E8821ACDF01000B06D4 /* RongCloudDemoUITests.m */ = {isa = PBXFileReference; lastKnownFileType = sourcecode.c.objc; path = RongCloudDemoUITests.m; sourceTree = "<group>"; };
		3B1A7E8A21ACDF01000B06D4 /* Info.plist */ = {isa = PBXFileReference; lastKnownFileType = text.plist.xml; path = Info.plist; sourceTree = "<group>"; };
		3B1A7E9921ACE063000B06D4 /* AssetsLibrary.framework */ = {isa = PBXFileReference; lastKnownFileType = wrapper.framework; name = AssetsLibrary.framework; path = System/Library/Frameworks/AssetsLibrary.framework; sourceTree = SDKROOT; };
		3B1A7E9B21ACE06E000B06D4 /* AudioToolbox.framework */ = {isa = PBXFileReference; lastKnownFileType = wrapper.framework; name = AudioToolbox.framework; path = System/Library/Frameworks/AudioToolbox.framework; sourceTree = SDKROOT; };
		3B1A7E9D21ACE073000B06D4 /* AVFoundation.framework */ = {isa = PBXFileReference; lastKnownFileType = wrapper.framework; name = AVFoundation.framework; path = System/Library/Frameworks/AVFoundation.framework; sourceTree = SDKROOT; };
		3B1A7E9F21ACE079000B06D4 /* CFNetwork.framework */ = {isa = PBXFileReference; lastKnownFileType = wrapper.framework; name = CFNetwork.framework; path = System/Library/Frameworks/CFNetwork.framework; sourceTree = SDKROOT; };
		3B1A7EA121ACE084000B06D4 /* CoreAudio.framework */ = {isa = PBXFileReference; lastKnownFileType = wrapper.framework; name = CoreAudio.framework; path = System/Library/Frameworks/CoreAudio.framework; sourceTree = SDKROOT; };
		3B1A7EA321ACE08D000B06D4 /* CoreGraphics.framework */ = {isa = PBXFileReference; lastKnownFileType = wrapper.framework; name = CoreGraphics.framework; path = System/Library/Frameworks/CoreGraphics.framework; sourceTree = SDKROOT; };
		3B1A7EA521ACE093000B06D4 /* CoreLocation.framework */ = {isa = PBXFileReference; lastKnownFileType = wrapper.framework; name = CoreLocation.framework; path = System/Library/Frameworks/CoreLocation.framework; sourceTree = SDKROOT; };
		3B1A7EA721ACE099000B06D4 /* CoreMedia.framework */ = {isa = PBXFileReference; lastKnownFileType = wrapper.framework; name = CoreMedia.framework; path = System/Library/Frameworks/CoreMedia.framework; sourceTree = SDKROOT; };
		3B1A7EA921ACE09F000B06D4 /* CoreTelephony.framework */ = {isa = PBXFileReference; lastKnownFileType = wrapper.framework; name = CoreTelephony.framework; path = System/Library/Frameworks/CoreTelephony.framework; sourceTree = SDKROOT; };
		3B1A7EAB21ACE0A5000B06D4 /* CoreVideo.framework */ = {isa = PBXFileReference; lastKnownFileType = wrapper.framework; name = CoreVideo.framework; path = System/Library/Frameworks/CoreVideo.framework; sourceTree = SDKROOT; };
		3B1A7EAD21ACE0AC000B06D4 /* ImageIO.framework */ = {isa = PBXFileReference; lastKnownFileType = wrapper.framework; name = ImageIO.framework; path = System/Library/Frameworks/ImageIO.framework; sourceTree = SDKROOT; };
		3B1A7EAF21ACE0B7000B06D4 /* libc++.tbd */ = {isa = PBXFileReference; lastKnownFileType = "sourcecode.text-based-dylib-definition"; name = "libc++.tbd"; path = "usr/lib/libc++.tbd"; sourceTree = SDKROOT; };
		3B1A7EB121ACE0C2000B06D4 /* libc++abi.tbd */ = {isa = PBXFileReference; lastKnownFileType = "sourcecode.text-based-dylib-definition"; name = "libc++abi.tbd"; path = "usr/lib/libc++abi.tbd"; sourceTree = SDKROOT; };
		3B1A7EB321ACE0C9000B06D4 /* libsqlite3.tbd */ = {isa = PBXFileReference; lastKnownFileType = "sourcecode.text-based-dylib-definition"; name = libsqlite3.tbd; path = usr/lib/libsqlite3.tbd; sourceTree = SDKROOT; };
		3B1A7EB521ACE104000B06D4 /* libxml2.tbd */ = {isa = PBXFileReference; lastKnownFileType = "sourcecode.text-based-dylib-definition"; name = libxml2.tbd; path = usr/lib/libxml2.tbd; sourceTree = SDKROOT; };
		3B1A7EB721ACE10C000B06D4 /* libz.tbd */ = {isa = PBXFileReference; lastKnownFileType = "sourcecode.text-based-dylib-definition"; name = libz.tbd; path = usr/lib/libz.tbd; sourceTree = SDKROOT; };
		3B1A7EB921ACE112000B06D4 /* MapKit.framework */ = {isa = PBXFileReference; lastKnownFileType = wrapper.framework; name = MapKit.framework; path = System/Library/Frameworks/MapKit.framework; sourceTree = SDKROOT; };
		3B1A7EBB21ACE118000B06D4 /* OpenGLES.framework */ = {isa = PBXFileReference; lastKnownFileType = wrapper.framework; name = OpenGLES.framework; path = System/Library/Frameworks/OpenGLES.framework; sourceTree = SDKROOT; };
		3B1A7EBD21ACE11D000B06D4 /* QuartzCore.framework */ = {isa = PBXFileReference; lastKnownFileType = wrapper.framework; name = QuartzCore.framework; path = System/Library/Frameworks/QuartzCore.framework; sourceTree = SDKROOT; };
		3B1A7EBF21ACE122000B06D4 /* SystemConfiguration.framework */ = {isa = PBXFileReference; lastKnownFileType = wrapper.framework; name = SystemConfiguration.framework; path = System/Library/Frameworks/SystemConfiguration.framework; sourceTree = SDKROOT; };
		3B1A7EC121ACE127000B06D4 /* UIKit.framework */ = {isa = PBXFileReference; lastKnownFileType = wrapper.framework; name = UIKit.framework; path = System/Library/Frameworks/UIKit.framework; sourceTree = SDKROOT; };
		3B1A7EC321ACE12D000B06D4 /* Photos.framework */ = {isa = PBXFileReference; lastKnownFileType = wrapper.framework; name = Photos.framework; path = System/Library/Frameworks/Photos.framework; sourceTree = SDKROOT; };
		3B1A7EC521ACE132000B06D4 /* SafariServices.framework */ = {isa = PBXFileReference; lastKnownFileType = wrapper.framework; name = SafariServices.framework; path = System/Library/Frameworks/SafariServices.framework; sourceTree = SDKROOT; };
		3B5DA88E21AE3F9C009148FE /* RongIMLib.framework */ = {isa = PBXFileReference; lastKnownFileType = wrapper.framework; path = RongIMLib.framework; sourceTree = "<group>"; };
		3B5DA88F21AE3F9C009148FE /* libopencore-amrnb.a */ = {isa = PBXFileReference; lastKnownFileType = archive.ar; path = "libopencore-amrnb.a"; sourceTree = "<group>"; };
		3B5DA89021AE3F9C009148FE /* RCConfig.plist */ = {isa = PBXFileReference; fileEncoding = 4; lastKnownFileType = text.plist.xml; path = RCConfig.plist; sourceTree = "<group>"; };
		3B5DA89221AE3F9C009148FE /* RCColor.plist */ = {isa = PBXFileReference; fileEncoding = 4; lastKnownFileType = text.plist.xml; path = RCColor.plist; sourceTree = "<group>"; };
		3B5DA89421AE3F9C009148FE /* zh-Hans */ = {isa = PBXFileReference; lastKnownFileType = text.plist.strings; name = "zh-Hans"; path = "zh-Hans.lproj/RongCloudKit.strings"; sourceTree = "<group>"; };
		3B5DA89521AE3F9C009148FE /* en */ = {isa = PBXFileReference; lastKnownFileType = text.plist.strings; name = en; path = en.lproj/RongCloudKit.strings; sourceTree = "<group>"; };
		3B5DA89621AE3F9C009148FE /* RongIMKit.framework */ = {isa = PBXFileReference; lastKnownFileType = wrapper.framework; path = RongIMKit.framework; sourceTree = "<group>"; };
		3B5DA89721AE3F9C009148FE /* Emoji.plist */ = {isa = PBXFileReference; fileEncoding = 4; lastKnownFileType = text.plist.xml; path = Emoji.plist; sourceTree = "<group>"; };
		3B5DA89821AE3F9C009148FE /* RongCloud.bundle */ = {isa = PBXFileReference; lastKnownFileType = "wrapper.plug-in"; path = RongCloud.bundle; sourceTree = "<group>"; };
		3B5DA8A221AE3FE9009148FE /* SHGroupListViewController.h */ = {isa = PBXFileReference; fileEncoding = 4; lastKnownFileType = sourcecode.c.h; path = SHGroupListViewController.h; sourceTree = "<group>"; };
		3B5DA8A321AE3FE9009148FE /* SHGroupListViewController.m */ = {isa = PBXFileReference; fileEncoding = 4; lastKnownFileType = sourcecode.c.objc; path = SHGroupListViewController.m; sourceTree = "<group>"; };
		3B5DA8A521AE3FE9009148FE /* SHDiscussionListViewController.m */ = {isa = PBXFileReference; fileEncoding = 4; lastKnownFileType = sourcecode.c.objc; path = SHDiscussionListViewController.m; sourceTree = "<group>"; };
		3B5DA8A621AE3FE9009148FE /* SHDiscussionListViewController.h */ = {isa = PBXFileReference; fileEncoding = 4; lastKnownFileType = sourcecode.c.h; path = SHDiscussionListViewController.h; sourceTree = "<group>"; };
		3B5DA8A821AE3FE9009148FE /* SHContactsListViewController.m */ = {isa = PBXFileReference; fileEncoding = 4; lastKnownFileType = sourcecode.c.objc; path = SHContactsListViewController.m; sourceTree = "<group>"; };
		3B5DA8AB21AE3FE9009148FE /* ContactCell.m */ = {isa = PBXFileReference; fileEncoding = 4; lastKnownFileType = sourcecode.c.objc; path = ContactCell.m; sourceTree = "<group>"; };
		3B5DA8AC21AE3FE9009148FE /* ContactCell.h */ = {isa = PBXFileReference; fileEncoding = 4; lastKnownFileType = sourcecode.c.h; path = ContactCell.h; sourceTree = "<group>"; };
		3B5DA8AD21AE3FE9009148FE /* SHContactsListViewController.h */ = {isa = PBXFileReference; fileEncoding = 4; lastKnownFileType = sourcecode.c.h; path = SHContactsListViewController.h; sourceTree = "<group>"; };
		3B5DA8B621AE43AF009148FE /* UserListService.h */ = {isa = PBXFileReference; lastKnownFileType = sourcecode.c.h; path = UserListService.h; sourceTree = "<group>"; };
		3B5DA8B721AE43AF009148FE /* UserListService.m */ = {isa = PBXFileReference; lastKnownFileType = sourcecode.c.objc; path = UserListService.m; sourceTree = "<group>"; };
		3BB72B0621AE3268005FA5F0 /* RootTabBarController.h */ = {isa = PBXFileReference; fileEncoding = 4; lastKnownFileType = sourcecode.c.h; path = RootTabBarController.h; sourceTree = "<group>"; };
		3BB72B0721AE3268005FA5F0 /* RootTabBarController.m */ = {isa = PBXFileReference; fileEncoding = 4; lastKnownFileType = sourcecode.c.objc; path = RootTabBarController.m; sourceTree = "<group>"; };
		3BB72B0C21AE329B005FA5F0 /* SHConversationViewController.m */ = {isa = PBXFileReference; fileEncoding = 4; lastKnownFileType = sourcecode.c.objc; path = SHConversationViewController.m; sourceTree = "<group>"; };
		3BB72B0D21AE329B005FA5F0 /* SHConversationListViewController.m */ = {isa = PBXFileReference; fileEncoding = 4; lastKnownFileType = sourcecode.c.objc; path = SHConversationListViewController.m; sourceTree = "<group>"; };
		3BB72B0E21AE329B005FA5F0 /* SHConversationViewController.h */ = {isa = PBXFileReference; fileEncoding = 4; lastKnownFileType = sourcecode.c.h; path = SHConversationViewController.h; sourceTree = "<group>"; };
		3BB72B0F21AE329B005FA5F0 /* SHConversationListViewController.h */ = {isa = PBXFileReference; fileEncoding = 4; lastKnownFileType = sourcecode.c.h; path = SHConversationListViewController.h; sourceTree = "<group>"; };
		3BCEA1D021AE4D600029F608 /* avatar_users_72px_1108447_easyicon.net.png */ = {isa = PBXFileReference; lastKnownFileType = image.png; path = avatar_users_72px_1108447_easyicon.net.png; sourceTree = "<group>"; };
		3BCEA1D221AE69270029F608 /* libSDWebImage.a */ = {isa = PBXFileReference; explicitFileType = archive.ar; path = libSDWebImage.a; sourceTree = BUILT_PRODUCTS_DIR; };
		5EF2A8743AF76573B6D2C638 /* Pods-RongCloudDemoTests.debug.xcconfig */ = {isa = PBXFileReference; includeInIndex = 1; lastKnownFileType = text.xcconfig; name = "Pods-RongCloudDemoTests.debug.xcconfig"; path = "Pods/Target Support Files/Pods-RongCloudDemoTests/Pods-RongCloudDemoTests.debug.xcconfig"; sourceTree = "<group>"; };
		7CE38D9F1CC4A821E2C2112C /* Pods-RongCloudDemo.debug.xcconfig */ = {isa = PBXFileReference; includeInIndex = 1; lastKnownFileType = text.xcconfig; name = "Pods-RongCloudDemo.debug.xcconfig"; path = "Pods/Target Support Files/Pods-RongCloudDemo/Pods-RongCloudDemo.debug.xcconfig"; sourceTree = "<group>"; };
		8586DDC8AB439F48653F578A /* Pods-RongCloudDemoUITests.release.xcconfig */ = {isa = PBXFileReference; includeInIndex = 1; lastKnownFileType = text.xcconfig; name = "Pods-RongCloudDemoUITests.release.xcconfig"; path = "Pods/Target Support Files/Pods-RongCloudDemoUITests/Pods-RongCloudDemoUITests.release.xcconfig"; sourceTree = "<group>"; };
		8B452F8E744366EDF67926D0 /* libPods-RongCloudDemo.a */ = {isa = PBXFileReference; explicitFileType = archive.ar; includeInIndex = 0; path = "libPods-RongCloudDemo.a"; sourceTree = BUILT_PRODUCTS_DIR; };
		95C3AC61B9B2688B762031D4 /* Pods-RongCloudDemoUITests.debug.xcconfig */ = {isa = PBXFileReference; includeInIndex = 1; lastKnownFileType = text.xcconfig; name = "Pods-RongCloudDemoUITests.debug.xcconfig"; path = "Pods/Target Support Files/Pods-RongCloudDemoUITests/Pods-RongCloudDemoUITests.debug.xcconfig"; sourceTree = "<group>"; };
		FFEC41A607DFD8E12EF57BE7 /* libPods-RongCloudDemoUITests.a */ = {isa = PBXFileReference; explicitFileType = archive.ar; includeInIndex = 0; path = "libPods-RongCloudDemoUITests.a"; sourceTree = BUILT_PRODUCTS_DIR; };
/* End PBXFileReference section */

/* Begin PBXFrameworksBuildPhase section */
		3B1A7E5E21ACDEFF000B06D4 /* Frameworks */ = {
			isa = PBXFrameworksBuildPhase;
			buildActionMask = 2147483647;
			files = (
				3BCEA1D321AE69270029F608 /* libSDWebImage.a in Frameworks */,
				3B1A7EC621ACE132000B06D4 /* SafariServices.framework in Frameworks */,
				3B1A7EC421ACE12D000B06D4 /* Photos.framework in Frameworks */,
				3B1A7EC221ACE127000B06D4 /* UIKit.framework in Frameworks */,
				3B1A7EC021ACE122000B06D4 /* SystemConfiguration.framework in Frameworks */,
				3B1A7EBE21ACE11D000B06D4 /* QuartzCore.framework in Frameworks */,
				3B1A7EBC21ACE118000B06D4 /* OpenGLES.framework in Frameworks */,
				3B1A7EBA21ACE112000B06D4 /* MapKit.framework in Frameworks */,
				3B1A7EB821ACE10C000B06D4 /* libz.tbd in Frameworks */,
				3B1A7EB621ACE104000B06D4 /* libxml2.tbd in Frameworks */,
				3B1A7EB421ACE0C9000B06D4 /* libsqlite3.tbd in Frameworks */,
				3B5DA89921AE3F9C009148FE /* RongIMLib.framework in Frameworks */,
				3B5DA89E21AE3F9C009148FE /* RongIMKit.framework in Frameworks */,
				3B1A7EB221ACE0C2000B06D4 /* libc++abi.tbd in Frameworks */,
				3B1A7EB021ACE0B7000B06D4 /* libc++.tbd in Frameworks */,
				3B1A7EAE21ACE0AC000B06D4 /* ImageIO.framework in Frameworks */,
				3B1A7EAC21ACE0A5000B06D4 /* CoreVideo.framework in Frameworks */,
				3B1A7EAA21ACE09F000B06D4 /* CoreTelephony.framework in Frameworks */,
				3B1A7EA821ACE099000B06D4 /* CoreMedia.framework in Frameworks */,
				3B1A7EA621ACE093000B06D4 /* CoreLocation.framework in Frameworks */,
				3B5DA89A21AE3F9C009148FE /* libopencore-amrnb.a in Frameworks */,
				3B1A7EA421ACE08D000B06D4 /* CoreGraphics.framework in Frameworks */,
				3B1A7EA221ACE084000B06D4 /* CoreAudio.framework in Frameworks */,
				3B1A7EA021ACE079000B06D4 /* CFNetwork.framework in Frameworks */,
				3B1A7E9E21ACE073000B06D4 /* AVFoundation.framework in Frameworks */,
				3B1A7E9C21ACE06E000B06D4 /* AudioToolbox.framework in Frameworks */,
				3B1A7E9A21ACE063000B06D4 /* AssetsLibrary.framework in Frameworks */,
				26144630DA5A57FC0FFF670E /* libPods-RongCloudDemo.a in Frameworks */,
			);
			runOnlyForDeploymentPostprocessing = 0;
		};
		3B1A7E7621ACDF01000B06D4 /* Frameworks */ = {
			isa = PBXFrameworksBuildPhase;
			buildActionMask = 2147483647;
			files = (
				12C5F6E65B0EB5D59AC39077 /* libPods-RongCloudDemoTests.a in Frameworks */,
			);
			runOnlyForDeploymentPostprocessing = 0;
		};
		3B1A7E8121ACDF01000B06D4 /* Frameworks */ = {
			isa = PBXFrameworksBuildPhase;
			buildActionMask = 2147483647;
			files = (
				5C4BEB6A57B16FF05C8D1DA6 /* libPods-RongCloudDemoUITests.a in Frameworks */,
			);
			runOnlyForDeploymentPostprocessing = 0;
		};
/* End PBXFrameworksBuildPhase section */

/* Begin PBXGroup section */
		3B1A7E5821ACDEFE000B06D4 = {
			isa = PBXGroup;
			children = (
				3B1A7E6321ACDEFF000B06D4 /* RongCloudDemo */,
				3B1A7E7C21ACDF01000B06D4 /* RongCloudDemoTests */,
				3B1A7E8721ACDF01000B06D4 /* RongCloudDemoUITests */,
				3B1A7E6221ACDEFF000B06D4 /* Products */,
				3B1A7E9821ACE062000B06D4 /* Frameworks */,
				E58B714D45DB0C212E9E34C6 /* Pods */,
			);
			sourceTree = "<group>";
		};
		3B1A7E6221ACDEFF000B06D4 /* Products */ = {
			isa = PBXGroup;
			children = (
				3B1A7E6121ACDEFF000B06D4 /* RongCloudDemo.app */,
				3B1A7E7921ACDF01000B06D4 /* RongCloudDemoTests.xctest */,
				3B1A7E8421ACDF01000B06D4 /* RongCloudDemoUITests.xctest */,
			);
			name = Products;
			sourceTree = "<group>";
		};
		3B1A7E6321ACDEFF000B06D4 /* RongCloudDemo */ = {
			isa = PBXGroup;
			children = (
				3B1A7E6421ACDEFF000B06D4 /* AppDelegate.h */,
				3B1A7E6521ACDEFF000B06D4 /* AppDelegate.m */,
				3BB72B0621AE3268005FA5F0 /* RootTabBarController.h */,
				3BB72B0721AE3268005FA5F0 /* RootTabBarController.m */,
				3B5DA8A721AE3FE9009148FE /* Contacts */,
				3BB72B0B21AE329B005FA5F0 /* Conversation */,
				3B5DA8A421AE3FE9009148FE /* Discussion */,
				3B5DA8A121AE3FE9009148FE /* Group */,
				3B5DA88C21AE3F9C009148FE /* Libraries */,
				3B5DA8B221AE425D009148FE /* Service */,
				3B1A7EF221ACEC63000B06D4 /* Category */,
				3B1A7E6A21ACDEFF000B06D4 /* Main.storyboard */,
				3B1A7E6D21ACDF00000B06D4 /* Assets.xcassets */,
				3B1A7E6F21ACDF00000B06D4 /* LaunchScreen.storyboard */,
				3B1A7E7221ACDF00000B06D4 /* Info.plist */,
				3B1A7E7321ACDF00000B06D4 /* main.m */,
			);
			path = RongCloudDemo;
			sourceTree = "<group>";
		};
		3B1A7E7C21ACDF01000B06D4 /* RongCloudDemoTests */ = {
			isa = PBXGroup;
			children = (
				3B1A7E7D21ACDF01000B06D4 /* RongCloudDemoTests.m */,
				3B1A7E7F21ACDF01000B06D4 /* Info.plist */,
			);
			path = RongCloudDemoTests;
			sourceTree = "<group>";
		};
		3B1A7E8721ACDF01000B06D4 /* RongCloudDemoUITests */ = {
			isa = PBXGroup;
			children = (
				3B1A7E8821ACDF01000B06D4 /* RongCloudDemoUITests.m */,
				3B1A7E8A21ACDF01000B06D4 /* Info.plist */,
			);
			path = RongCloudDemoUITests;
			sourceTree = "<group>";
		};
		3B1A7E9821ACE062000B06D4 /* Frameworks */ = {
			isa = PBXGroup;
			children = (
				3BCEA1D221AE69270029F608 /* libSDWebImage.a */,
				3B1A7EC521ACE132000B06D4 /* SafariServices.framework */,
				3B1A7EC321ACE12D000B06D4 /* Photos.framework */,
				3B1A7EC121ACE127000B06D4 /* UIKit.framework */,
				3B1A7EBF21ACE122000B06D4 /* SystemConfiguration.framework */,
				3B1A7EBD21ACE11D000B06D4 /* QuartzCore.framework */,
				3B1A7EBB21ACE118000B06D4 /* OpenGLES.framework */,
				3B1A7EB921ACE112000B06D4 /* MapKit.framework */,
				3B1A7EB721ACE10C000B06D4 /* libz.tbd */,
				3B1A7EB521ACE104000B06D4 /* libxml2.tbd */,
				3B1A7EB321ACE0C9000B06D4 /* libsqlite3.tbd */,
				3B1A7EB121ACE0C2000B06D4 /* libc++abi.tbd */,
				3B1A7EAF21ACE0B7000B06D4 /* libc++.tbd */,
				3B1A7EAD21ACE0AC000B06D4 /* ImageIO.framework */,
				3B1A7EAB21ACE0A5000B06D4 /* CoreVideo.framework */,
				3B1A7EA921ACE09F000B06D4 /* CoreTelephony.framework */,
				3B1A7EA721ACE099000B06D4 /* CoreMedia.framework */,
				3B1A7EA521ACE093000B06D4 /* CoreLocation.framework */,
				3B1A7EA321ACE08D000B06D4 /* CoreGraphics.framework */,
				3B1A7EA121ACE084000B06D4 /* CoreAudio.framework */,
				3B1A7E9F21ACE079000B06D4 /* CFNetwork.framework */,
				3B1A7E9D21ACE073000B06D4 /* AVFoundation.framework */,
				3B1A7E9B21ACE06E000B06D4 /* AudioToolbox.framework */,
				3B1A7E9921ACE063000B06D4 /* AssetsLibrary.framework */,
				8B452F8E744366EDF67926D0 /* libPods-RongCloudDemo.a */,
				04CBC07B7D6892495B234003 /* libPods-RongCloudDemoTests.a */,
				FFEC41A607DFD8E12EF57BE7 /* libPods-RongCloudDemoUITests.a */,
			);
			name = Frameworks;
			sourceTree = "<group>";
		};
		3B1A7EF221ACEC63000B06D4 /* Category */ = {
			isa = PBXGroup;
			children = (
			);
			path = Category;
			sourceTree = "<group>";
		};
		3B5DA88C21AE3F9C009148FE /* Libraries */ = {
			isa = PBXGroup;
			children = (
				3BCEA1D021AE4D600029F608 /* avatar_users_72px_1108447_easyicon.net.png */,
				3B5DA88D21AE3F9C009148FE /* IMLib */,
				3B5DA89121AE3F9C009148FE /* IMKit */,
			);
			path = Libraries;
			sourceTree = "<group>";
		};
		3B5DA88D21AE3F9C009148FE /* IMLib */ = {
			isa = PBXGroup;
			children = (
				3B5DA88E21AE3F9C009148FE /* RongIMLib.framework */,
				3B5DA88F21AE3F9C009148FE /* libopencore-amrnb.a */,
				3B5DA89021AE3F9C009148FE /* RCConfig.plist */,
			);
			path = IMLib;
			sourceTree = "<group>";
		};
		3B5DA89121AE3F9C009148FE /* IMKit */ = {
			isa = PBXGroup;
			children = (
				3B5DA89221AE3F9C009148FE /* RCColor.plist */,
				3B5DA89321AE3F9C009148FE /* RongCloudKit.strings */,
				3B5DA89621AE3F9C009148FE /* RongIMKit.framework */,
				3B5DA89721AE3F9C009148FE /* Emoji.plist */,
				3B5DA89821AE3F9C009148FE /* RongCloud.bundle */,
			);
			path = IMKit;
			sourceTree = "<group>";
		};
		3B5DA8A121AE3FE9009148FE /* Group */ = {
			isa = PBXGroup;
			children = (
				3B5DA8A221AE3FE9009148FE /* SHGroupListViewController.h */,
				3B5DA8A321AE3FE9009148FE /* SHGroupListViewController.m */,
			);
			path = Group;
			sourceTree = "<group>";
		};
		3B5DA8A421AE3FE9009148FE /* Discussion */ = {
			isa = PBXGroup;
			children = (
				3B5DA8A621AE3FE9009148FE /* SHDiscussionListViewController.h */,
				3B5DA8A521AE3FE9009148FE /* SHDiscussionListViewController.m */,
			);
			path = Discussion;
			sourceTree = "<group>";
		};
		3B5DA8A721AE3FE9009148FE /* Contacts */ = {
			isa = PBXGroup;
			children = (
				3B5DA8AA21AE3FE9009148FE /* View */,
				3B5DA8AD21AE3FE9009148FE /* SHContactsListViewController.h */,
				3B5DA8A821AE3FE9009148FE /* SHContactsListViewController.m */,
			);
			path = Contacts;
			sourceTree = "<group>";
		};
		3B5DA8AA21AE3FE9009148FE /* View */ = {
			isa = PBXGroup;
			children = (
				3B5DA8AC21AE3FE9009148FE /* ContactCell.h */,
				3B5DA8AB21AE3FE9009148FE /* ContactCell.m */,
			);
			path = View;
			sourceTree = "<group>";
		};
		3B5DA8B221AE425D009148FE /* Service */ = {
			isa = PBXGroup;
			children = (
				3B5DA8B621AE43AF009148FE /* UserListService.h */,
				3B5DA8B721AE43AF009148FE /* UserListService.m */,
			);
			path = Service;
			sourceTree = "<group>";
		};
		3BB72B0B21AE329B005FA5F0 /* Conversation */ = {
			isa = PBXGroup;
			children = (
				3BB72B0F21AE329B005FA5F0 /* SHConversationListViewController.h */,
				3BB72B0D21AE329B005FA5F0 /* SHConversationListViewController.m */,
				3BB72B0E21AE329B005FA5F0 /* SHConversationViewController.h */,
				3BB72B0C21AE329B005FA5F0 /* SHConversationViewController.m */,
			);
			path = Conversation;
			sourceTree = "<group>";
		};
		E58B714D45DB0C212E9E34C6 /* Pods */ = {
			isa = PBXGroup;
			children = (
				7CE38D9F1CC4A821E2C2112C /* Pods-RongCloudDemo.debug.xcconfig */,
				2A945B34B184CCB0A93C66AE /* Pods-RongCloudDemo.release.xcconfig */,
				5EF2A8743AF76573B6D2C638 /* Pods-RongCloudDemoTests.debug.xcconfig */,
				1A3CC42765C15E2B5B411594 /* Pods-RongCloudDemoTests.release.xcconfig */,
				95C3AC61B9B2688B762031D4 /* Pods-RongCloudDemoUITests.debug.xcconfig */,
				8586DDC8AB439F48653F578A /* Pods-RongCloudDemoUITests.release.xcconfig */,
			);
			name = Pods;
			sourceTree = "<group>";
		};
/* End PBXGroup section */

/* Begin PBXNativeTarget section */
		3B1A7E6021ACDEFF000B06D4 /* RongCloudDemo */ = {
			isa = PBXNativeTarget;
			buildConfigurationList = 3B1A7E8D21ACDF01000B06D4 /* Build configuration list for PBXNativeTarget "RongCloudDemo" */;
			buildPhases = (
				7FEFED51C395BD5309CF2FC9 /* [CP] Check Pods Manifest.lock */,
				3B1A7E5D21ACDEFF000B06D4 /* Sources */,
				3B1A7E5E21ACDEFF000B06D4 /* Frameworks */,
				3B1A7E5F21ACDEFF000B06D4 /* Resources */,
			);
			buildRules = (
			);
			dependencies = (
			);
			name = RongCloudDemo;
			productName = RongCloudDemo;
			productReference = 3B1A7E6121ACDEFF000B06D4 /* RongCloudDemo.app */;
			productType = "com.apple.product-type.application";
		};
		3B1A7E7821ACDF01000B06D4 /* RongCloudDemoTests */ = {
			isa = PBXNativeTarget;
			buildConfigurationList = 3B1A7E9021ACDF01000B06D4 /* Build configuration list for PBXNativeTarget "RongCloudDemoTests" */;
			buildPhases = (
				92A6D61953557FD604102C58 /* [CP] Check Pods Manifest.lock */,
				3B1A7E7521ACDF01000B06D4 /* Sources */,
				3B1A7E7621ACDF01000B06D4 /* Frameworks */,
				3B1A7E7721ACDF01000B06D4 /* Resources */,
			);
			buildRules = (
			);
			dependencies = (
				3B1A7E7B21ACDF01000B06D4 /* PBXTargetDependency */,
			);
			name = RongCloudDemoTests;
			productName = RongCloudDemoTests;
			productReference = 3B1A7E7921ACDF01000B06D4 /* RongCloudDemoTests.xctest */;
			productType = "com.apple.product-type.bundle.unit-test";
		};
		3B1A7E8321ACDF01000B06D4 /* RongCloudDemoUITests */ = {
			isa = PBXNativeTarget;
			buildConfigurationList = 3B1A7E9321ACDF01000B06D4 /* Build configuration list for PBXNativeTarget "RongCloudDemoUITests" */;
			buildPhases = (
				0FE5B65F46D9ED1DAA47AAED /* [CP] Check Pods Manifest.lock */,
				3B1A7E8021ACDF01000B06D4 /* Sources */,
				3B1A7E8121ACDF01000B06D4 /* Frameworks */,
				3B1A7E8221ACDF01000B06D4 /* Resources */,
			);
			buildRules = (
			);
			dependencies = (
				3B1A7E8621ACDF01000B06D4 /* PBXTargetDependency */,
			);
			name = RongCloudDemoUITests;
			productName = RongCloudDemoUITests;
			productReference = 3B1A7E8421ACDF01000B06D4 /* RongCloudDemoUITests.xctest */;
			productType = "com.apple.product-type.bundle.ui-testing";
		};
/* End PBXNativeTarget section */

/* Begin PBXProject section */
		3B1A7E5921ACDEFE000B06D4 /* Project object */ = {
			isa = PBXProject;
			attributes = {
				LastUpgradeCheck = 1010;
				ORGANIZATIONNAME = "孙浩";
				TargetAttributes = {
					3B1A7E6021ACDEFF000B06D4 = {
						CreatedOnToolsVersion = 10.1;
					};
					3B1A7E7821ACDF01000B06D4 = {
						CreatedOnToolsVersion = 10.1;
						TestTargetID = 3B1A7E6021ACDEFF000B06D4;
					};
					3B1A7E8321ACDF01000B06D4 = {
						CreatedOnToolsVersion = 10.1;
						TestTargetID = 3B1A7E6021ACDEFF000B06D4;
					};
				};
			};
			buildConfigurationList = 3B1A7E5C21ACDEFE000B06D4 /* Build configuration list for PBXProject "RongCloudDemo" */;
			compatibilityVersion = "Xcode 9.3";
			developmentRegion = en;
			hasScannedForEncodings = 0;
			knownRegions = (
				en,
				Base,
				"zh-Hans",
			);
			mainGroup = 3B1A7E5821ACDEFE000B06D4;
			productRefGroup = 3B1A7E6221ACDEFF000B06D4 /* Products */;
			projectDirPath = "";
			projectRoot = "";
			targets = (
				3B1A7E6021ACDEFF000B06D4 /* RongCloudDemo */,
				3B1A7E7821ACDF01000B06D4 /* RongCloudDemoTests */,
				3B1A7E8321ACDF01000B06D4 /* RongCloudDemoUITests */,
			);
		};
/* End PBXProject section */

/* Begin PBXResourcesBuildPhase section */
		3B1A7E5F21ACDEFF000B06D4 /* Resources */ = {
			isa = PBXResourcesBuildPhase;
			buildActionMask = 2147483647;
			files = (
				3B1A7E7121ACDF00000B06D4 /* LaunchScreen.storyboard in Resources */,
				3B1A7E6E21ACDF00000B06D4 /* Assets.xcassets in Resources */,
				3B1A7E6C21ACDEFF000B06D4 /* Main.storyboard in Resources */,
				3BCEA1D121AE4D610029F608 /* avatar_users_72px_1108447_easyicon.net.png in Resources */,
				3B5DA89D21AE3F9C009148FE /* RongCloudKit.strings in Resources */,
				3B5DA89F21AE3F9C009148FE /* Emoji.plist in Resources */,
				3B5DA8A021AE3F9C009148FE /* RongCloud.bundle in Resources */,
				3B5DA89C21AE3F9C009148FE /* RCColor.plist in Resources */,
				3B5DA89B21AE3F9C009148FE /* RCConfig.plist in Resources */,
			);
			runOnlyForDeploymentPostprocessing = 0;
		};
		3B1A7E7721ACDF01000B06D4 /* Resources */ = {
			isa = PBXResourcesBuildPhase;
			buildActionMask = 2147483647;
			files = (
			);
			runOnlyForDeploymentPostprocessing = 0;
		};
		3B1A7E8221ACDF01000B06D4 /* Resources */ = {
			isa = PBXResourcesBuildPhase;
			buildActionMask = 2147483647;
			files = (
			);
			runOnlyForDeploymentPostprocessing = 0;
		};
/* End PBXResourcesBuildPhase section */

/* Begin PBXShellScriptBuildPhase section */
		0FE5B65F46D9ED1DAA47AAED /* [CP] Check Pods Manifest.lock */ = {
			isa = PBXShellScriptBuildPhase;
			buildActionMask = 2147483647;
			files = (
			);
			inputFileListPaths = (
			);
			inputPaths = (
				"${PODS_PODFILE_DIR_PATH}/Podfile.lock",
				"${PODS_ROOT}/Manifest.lock",
			);
			name = "[CP] Check Pods Manifest.lock";
			outputFileListPaths = (
			);
			outputPaths = (
				"$(DERIVED_FILE_DIR)/Pods-RongCloudDemoUITests-checkManifestLockResult.txt",
			);
			runOnlyForDeploymentPostprocessing = 0;
			shellPath = /bin/sh;
			shellScript = "diff \"${PODS_PODFILE_DIR_PATH}/Podfile.lock\" \"${PODS_ROOT}/Manifest.lock\" > /dev/null\nif [ $? != 0 ] ; then\n    # print error to STDERR\n    echo \"error: The sandbox is not in sync with the Podfile.lock. Run 'pod install' or update your CocoaPods installation.\" >&2\n    exit 1\nfi\n# This output is used by Xcode 'outputs' to avoid re-running this script phase.\necho \"SUCCESS\" > \"${SCRIPT_OUTPUT_FILE_0}\"\n";
			showEnvVarsInLog = 0;
		};
		7FEFED51C395BD5309CF2FC9 /* [CP] Check Pods Manifest.lock */ = {
			isa = PBXShellScriptBuildPhase;
			buildActionMask = 2147483647;
			files = (
			);
			inputFileListPaths = (
			);
			inputPaths = (
				"${PODS_PODFILE_DIR_PATH}/Podfile.lock",
				"${PODS_ROOT}/Manifest.lock",
			);
			name = "[CP] Check Pods Manifest.lock";
			outputFileListPaths = (
			);
			outputPaths = (
				"$(DERIVED_FILE_DIR)/Pods-RongCloudDemo-checkManifestLockResult.txt",
			);
			runOnlyForDeploymentPostprocessing = 0;
			shellPath = /bin/sh;
			shellScript = "diff \"${PODS_PODFILE_DIR_PATH}/Podfile.lock\" \"${PODS_ROOT}/Manifest.lock\" > /dev/null\nif [ $? != 0 ] ; then\n    # print error to STDERR\n    echo \"error: The sandbox is not in sync with the Podfile.lock. Run 'pod install' or update your CocoaPods installation.\" >&2\n    exit 1\nfi\n# This output is used by Xcode 'outputs' to avoid re-running this script phase.\necho \"SUCCESS\" > \"${SCRIPT_OUTPUT_FILE_0}\"\n";
			showEnvVarsInLog = 0;
		};
		92A6D61953557FD604102C58 /* [CP] Check Pods Manifest.lock */ = {
			isa = PBXShellScriptBuildPhase;
			buildActionMask = 2147483647;
			files = (
			);
			inputFileListPaths = (
			);
			inputPaths = (
				"${PODS_PODFILE_DIR_PATH}/Podfile.lock",
				"${PODS_ROOT}/Manifest.lock",
			);
			name = "[CP] Check Pods Manifest.lock";
			outputFileListPaths = (
			);
			outputPaths = (
				"$(DERIVED_FILE_DIR)/Pods-RongCloudDemoTests-checkManifestLockResult.txt",
			);
			runOnlyForDeploymentPostprocessing = 0;
			shellPath = /bin/sh;
			shellScript = "diff \"${PODS_PODFILE_DIR_PATH}/Podfile.lock\" \"${PODS_ROOT}/Manifest.lock\" > /dev/null\nif [ $? != 0 ] ; then\n    # print error to STDERR\n    echo \"error: The sandbox is not in sync with the Podfile.lock. Run 'pod install' or update your CocoaPods installation.\" >&2\n    exit 1\nfi\n# This output is used by Xcode 'outputs' to avoid re-running this script phase.\necho \"SUCCESS\" > \"${SCRIPT_OUTPUT_FILE_0}\"\n";
			showEnvVarsInLog = 0;
		};
/* End PBXShellScriptBuildPhase section */

/* Begin PBXSourcesBuildPhase section */
		3B1A7E5D21ACDEFF000B06D4 /* Sources */ = {
			isa = PBXSourcesBuildPhase;
			buildActionMask = 2147483647;
			files = (
				3B5DA8B821AE43B0009148FE /* UserListService.m in Sources */,
				3BB72B1221AE329B005FA5F0 /* SHConversationListViewController.m in Sources */,
				3BB72B0821AE3268005FA5F0 /* RootTabBarController.m in Sources */,
				3B5DA8AF21AE3FE9009148FE /* SHDiscussionListViewController.m in Sources */,
				3B1A7E7421ACDF00000B06D4 /* main.m in Sources */,
				3B5DA8B121AE3FE9009148FE /* ContactCell.m in Sources */,
				3BB72B1121AE329B005FA5F0 /* SHConversationViewController.m in Sources */,
				3B1A7E6621ACDEFF000B06D4 /* AppDelegate.m in Sources */,
				3B5DA8B021AE3FE9009148FE /* SHContactsListViewController.m in Sources */,
				3B5DA8AE21AE3FE9009148FE /* SHGroupListViewController.m in Sources */,
			);
			runOnlyForDeploymentPostprocessing = 0;
		};
		3B1A7E7521ACDF01000B06D4 /* Sources */ = {
			isa = PBXSourcesBuildPhase;
			buildActionMask = 2147483647;
			files = (
				3B1A7E7E21ACDF01000B06D4 /* RongCloudDemoTests.m in Sources */,
			);
			runOnlyForDeploymentPostprocessing = 0;
		};
		3B1A7E8021ACDF01000B06D4 /* Sources */ = {
			isa = PBXSourcesBuildPhase;
			buildActionMask = 2147483647;
			files = (
				3B1A7E8921ACDF01000B06D4 /* RongCloudDemoUITests.m in Sources */,
			);
			runOnlyForDeploymentPostprocessing = 0;
		};
/* End PBXSourcesBuildPhase section */

/* Begin PBXTargetDependency section */
		3B1A7E7B21ACDF01000B06D4 /* PBXTargetDependency */ = {
			isa = PBXTargetDependency;
			target = 3B1A7E6021ACDEFF000B06D4 /* RongCloudDemo */;
			targetProxy = 3B1A7E7A21ACDF01000B06D4 /* PBXContainerItemProxy */;
		};
		3B1A7E8621ACDF01000B06D4 /* PBXTargetDependency */ = {
			isa = PBXTargetDependency;
			target = 3B1A7E6021ACDEFF000B06D4 /* RongCloudDemo */;
			targetProxy = 3B1A7E8521ACDF01000B06D4 /* PBXContainerItemProxy */;
		};
/* End PBXTargetDependency section */

/* Begin PBXVariantGroup section */
		3B1A7E6A21ACDEFF000B06D4 /* Main.storyboard */ = {
			isa = PBXVariantGroup;
			children = (
				3B1A7E6B21ACDEFF000B06D4 /* Base */,
			);
			name = Main.storyboard;
			sourceTree = "<group>";
		};
		3B1A7E6F21ACDF00000B06D4 /* LaunchScreen.storyboard */ = {
			isa = PBXVariantGroup;
			children = (
				3B1A7E7021ACDF00000B06D4 /* Base */,
			);
			name = LaunchScreen.storyboard;
			sourceTree = "<group>";
		};
		3B5DA89321AE3F9C009148FE /* RongCloudKit.strings */ = {
			isa = PBXVariantGroup;
			children = (
				3B5DA89421AE3F9C009148FE /* zh-Hans */,
				3B5DA89521AE3F9C009148FE /* en */,
			);
			name = RongCloudKit.strings;
			sourceTree = "<group>";
		};
/* End PBXVariantGroup section */

/* Begin XCBuildConfiguration section */
		3B1A7E8B21ACDF01000B06D4 /* Debug */ = {
			isa = XCBuildConfiguration;
			buildSettings = {
				ALWAYS_SEARCH_USER_PATHS = NO;
				CLANG_ANALYZER_NONNULL = YES;
				CLANG_ANALYZER_NUMBER_OBJECT_CONVERSION = YES_AGGRESSIVE;
				CLANG_CXX_LANGUAGE_STANDARD = "gnu++14";
				CLANG_CXX_LIBRARY = "libc++";
				CLANG_ENABLE_MODULES = YES;
				CLANG_ENABLE_OBJC_ARC = YES;
				CLANG_ENABLE_OBJC_WEAK = YES;
				CLANG_WARN_BLOCK_CAPTURE_AUTORELEASING = YES;
				CLANG_WARN_BOOL_CONVERSION = YES;
				CLANG_WARN_COMMA = YES;
				CLANG_WARN_CONSTANT_CONVERSION = YES;
				CLANG_WARN_DEPRECATED_OBJC_IMPLEMENTATIONS = YES;
				CLANG_WARN_DIRECT_OBJC_ISA_USAGE = YES_ERROR;
				CLANG_WARN_DOCUMENTATION_COMMENTS = YES;
				CLANG_WARN_EMPTY_BODY = YES;
				CLANG_WARN_ENUM_CONVERSION = YES;
				CLANG_WARN_INFINITE_RECURSION = YES;
				CLANG_WARN_INT_CONVERSION = YES;
				CLANG_WARN_NON_LITERAL_NULL_CONVERSION = YES;
				CLANG_WARN_OBJC_IMPLICIT_RETAIN_SELF = YES;
				CLANG_WARN_OBJC_LITERAL_CONVERSION = YES;
				CLANG_WARN_OBJC_ROOT_CLASS = YES_ERROR;
				CLANG_WARN_RANGE_LOOP_ANALYSIS = YES;
				CLANG_WARN_STRICT_PROTOTYPES = YES;
				CLANG_WARN_SUSPICIOUS_MOVE = YES;
				CLANG_WARN_UNGUARDED_AVAILABILITY = YES_AGGRESSIVE;
				CLANG_WARN_UNREACHABLE_CODE = YES;
				CLANG_WARN__DUPLICATE_METHOD_MATCH = YES;
				CODE_SIGN_IDENTITY = "iPhone Developer";
				COPY_PHASE_STRIP = NO;
				DEBUG_INFORMATION_FORMAT = dwarf;
				ENABLE_STRICT_OBJC_MSGSEND = YES;
				ENABLE_TESTABILITY = YES;
				GCC_C_LANGUAGE_STANDARD = gnu11;
				GCC_DYNAMIC_NO_PIC = NO;
				GCC_NO_COMMON_BLOCKS = YES;
				GCC_OPTIMIZATION_LEVEL = 0;
				GCC_PREPROCESSOR_DEFINITIONS = (
					"DEBUG=1",
					"$(inherited)",
				);
				GCC_WARN_64_TO_32_BIT_CONVERSION = YES;
				GCC_WARN_ABOUT_RETURN_TYPE = YES_ERROR;
				GCC_WARN_UNDECLARED_SELECTOR = YES;
				GCC_WARN_UNINITIALIZED_AUTOS = YES_AGGRESSIVE;
				GCC_WARN_UNUSED_FUNCTION = YES;
				GCC_WARN_UNUSED_VARIABLE = YES;
				IPHONEOS_DEPLOYMENT_TARGET = 12.1;
				MTL_ENABLE_DEBUG_INFO = INCLUDE_SOURCE;
				MTL_FAST_MATH = YES;
				ONLY_ACTIVE_ARCH = YES;
				SDKROOT = iphoneos;
			};
			name = Debug;
		};
		3B1A7E8C21ACDF01000B06D4 /* Release */ = {
			isa = XCBuildConfiguration;
			buildSettings = {
				ALWAYS_SEARCH_USER_PATHS = NO;
				CLANG_ANALYZER_NONNULL = YES;
				CLANG_ANALYZER_NUMBER_OBJECT_CONVERSION = YES_AGGRESSIVE;
				CLANG_CXX_LANGUAGE_STANDARD = "gnu++14";
				CLANG_CXX_LIBRARY = "libc++";
				CLANG_ENABLE_MODULES = YES;
				CLANG_ENABLE_OBJC_ARC = YES;
				CLANG_ENABLE_OBJC_WEAK = YES;
				CLANG_WARN_BLOCK_CAPTURE_AUTORELEASING = YES;
				CLANG_WARN_BOOL_CONVERSION = YES;
				CLANG_WARN_COMMA = YES;
				CLANG_WARN_CONSTANT_CONVERSION = YES;
				CLANG_WARN_DEPRECATED_OBJC_IMPLEMENTATIONS = YES;
				CLANG_WARN_DIRECT_OBJC_ISA_USAGE = YES_ERROR;
				CLANG_WARN_DOCUMENTATION_COMMENTS = YES;
				CLANG_WARN_EMPTY_BODY = YES;
				CLANG_WARN_ENUM_CONVERSION = YES;
				CLANG_WARN_INFINITE_RECURSION = YES;
				CLANG_WARN_INT_CONVERSION = YES;
				CLANG_WARN_NON_LITERAL_NULL_CONVERSION = YES;
				CLANG_WARN_OBJC_IMPLICIT_RETAIN_SELF = YES;
				CLANG_WARN_OBJC_LITERAL_CONVERSION = YES;
				CLANG_WARN_OBJC_ROOT_CLASS = YES_ERROR;
				CLANG_WARN_RANGE_LOOP_ANALYSIS = YES;
				CLANG_WARN_STRICT_PROTOTYPES = YES;
				CLANG_WARN_SUSPICIOUS_MOVE = YES;
				CLANG_WARN_UNGUARDED_AVAILABILITY = YES_AGGRESSIVE;
				CLANG_WARN_UNREACHABLE_CODE = YES;
				CLANG_WARN__DUPLICATE_METHOD_MATCH = YES;
				CODE_SIGN_IDENTITY = "iPhone Developer";
				COPY_PHASE_STRIP = NO;
				DEBUG_INFORMATION_FORMAT = "dwarf-with-dsym";
				ENABLE_NS_ASSERTIONS = NO;
				ENABLE_STRICT_OBJC_MSGSEND = YES;
				GCC_C_LANGUAGE_STANDARD = gnu11;
				GCC_NO_COMMON_BLOCKS = YES;
				GCC_WARN_64_TO_32_BIT_CONVERSION = YES;
				GCC_WARN_ABOUT_RETURN_TYPE = YES_ERROR;
				GCC_WARN_UNDECLARED_SELECTOR = YES;
				GCC_WARN_UNINITIALIZED_AUTOS = YES_AGGRESSIVE;
				GCC_WARN_UNUSED_FUNCTION = YES;
				GCC_WARN_UNUSED_VARIABLE = YES;
				IPHONEOS_DEPLOYMENT_TARGET = 12.1;
				MTL_ENABLE_DEBUG_INFO = NO;
				MTL_FAST_MATH = YES;
				SDKROOT = iphoneos;
				VALIDATE_PRODUCT = YES;
			};
			name = Release;
		};
		3B1A7E8E21ACDF01000B06D4 /* Debug */ = {
			isa = XCBuildConfiguration;
			baseConfigurationReference = 7CE38D9F1CC4A821E2C2112C /* Pods-RongCloudDemo.debug.xcconfig */;
			buildSettings = {
				ASSETCATALOG_COMPILER_APPICON_NAME = AppIcon;
				CODE_SIGN_STYLE = Automatic;
				DEVELOPMENT_TEAM = 3T8XA4F59Q;
				FRAMEWORK_SEARCH_PATHS = (
					"$(inherited)",
					"$(PROJECT_DIR)/RongCloudDemo",
					"$(PROJECT_DIR)/RongCloudDemo/IMKit/IMLib",
					"$(PROJECT_DIR)/RongCloudDemo/IMLib",
					"$(PROJECT_DIR)/RongCloudDemo/IMKit",
					"$(PROJECT_DIR)/RongCloudDemo/Libraries/IMLib",
					"$(PROJECT_DIR)/RongCloudDemo/Libraries/IMKit",
				);
				INFOPLIST_FILE = RongCloudDemo/Info.plist;
				LD_RUNPATH_SEARCH_PATHS = (
					"$(inherited)",
					"@executable_path/Frameworks",
				);
				LIBRARY_SEARCH_PATHS = (
					"$(inherited)",
					"$(PROJECT_DIR)/RongCloudDemo/IMKit/IMLib",
					"$(PROJECT_DIR)/RongCloudDemo/IMLib",
					"$(PROJECT_DIR)/RongCloudDemo/Libraries/IMLib",
				);
				OTHER_LDFLAGS = "-ObjC";
				PRODUCT_BUNDLE_IDENTIFIER = RongCloud.RongCloudDemo;
				PRODUCT_NAME = "$(TARGET_NAME)";
				TARGETED_DEVICE_FAMILY = "1,2";
			};
			name = Debug;
		};
		3B1A7E8F21ACDF01000B06D4 /* Release */ = {
			isa = XCBuildConfiguration;
			baseConfigurationReference = 2A945B34B184CCB0A93C66AE /* Pods-RongCloudDemo.release.xcconfig */;
			buildSettings = {
				ASSETCATALOG_COMPILER_APPICON_NAME = AppIcon;
				CODE_SIGN_STYLE = Automatic;
				DEVELOPMENT_TEAM = 3T8XA4F59Q;
				FRAMEWORK_SEARCH_PATHS = (
					"$(inherited)",
					"$(PROJECT_DIR)/RongCloudDemo",
					"$(PROJECT_DIR)/RongCloudDemo/IMKit/IMLib",
					"$(PROJECT_DIR)/RongCloudDemo/IMLib",
					"$(PROJECT_DIR)/RongCloudDemo/IMKit",
					"$(PROJECT_DIR)/RongCloudDemo/Libraries/IMLib",
					"$(PROJECT_DIR)/RongCloudDemo/Libraries/IMKit",
				);
				INFOPLIST_FILE = RongCloudDemo/Info.plist;
				LD_RUNPATH_SEARCH_PATHS = (
					"$(inherited)",
					"@executable_path/Frameworks",
				);
				LIBRARY_SEARCH_PATHS = (
					"$(inherited)",
					"$(PROJECT_DIR)/RongCloudDemo/IMKit/IMLib",
					"$(PROJECT_DIR)/RongCloudDemo/IMLib",
					"$(PROJECT_DIR)/RongCloudDemo/Libraries/IMLib",
				);
				OTHER_LDFLAGS = "-ObjC";
				PRODUCT_BUNDLE_IDENTIFIER = RongCloud.RongCloudDemo;
				PRODUCT_NAME = "$(TARGET_NAME)";
				TARGETED_DEVICE_FAMILY = "1,2";
			};
			name = Release;
		};
		3B1A7E9121ACDF01000B06D4 /* Debug */ = {
			isa = XCBuildConfiguration;
			baseConfigurationReference = 5EF2A8743AF76573B6D2C638 /* Pods-RongCloudDemoTests.debug.xcconfig */;
			buildSettings = {
				BUNDLE_LOADER = "$(TEST_HOST)";
				CODE_SIGN_STYLE = Automatic;
				INFOPLIST_FILE = RongCloudDemoTests/Info.plist;
				LD_RUNPATH_SEARCH_PATHS = (
					"$(inherited)",
					"@executable_path/Frameworks",
					"@loader_path/Frameworks",
				);
				PRODUCT_BUNDLE_IDENTIFIER = RongCloud.RongCloudDemoTests;
				PRODUCT_NAME = "$(TARGET_NAME)";
				TARGETED_DEVICE_FAMILY = "1,2";
				TEST_HOST = "$(BUILT_PRODUCTS_DIR)/RongCloudDemo.app/RongCloudDemo";
			};
			name = Debug;
		};
		3B1A7E9221ACDF01000B06D4 /* Release */ = {
			isa = XCBuildConfiguration;
			baseConfigurationReference = 1A3CC42765C15E2B5B411594 /* Pods-RongCloudDemoTests.release.xcconfig */;
			buildSettings = {
				BUNDLE_LOADER = "$(TEST_HOST)";
				CODE_SIGN_STYLE = Automatic;
				INFOPLIST_FILE = RongCloudDemoTests/Info.plist;
				LD_RUNPATH_SEARCH_PATHS = (
					"$(inherited)",
					"@executable_path/Frameworks",
					"@loader_path/Frameworks",
				);
				PRODUCT_BUNDLE_IDENTIFIER = RongCloud.RongCloudDemoTests;
				PRODUCT_NAME = "$(TARGET_NAME)";
				TARGETED_DEVICE_FAMILY = "1,2";
				TEST_HOST = "$(BUILT_PRODUCTS_DIR)/RongCloudDemo.app/RongCloudDemo";
			};
			name = Release;
		};
		3B1A7E9421ACDF01000B06D4 /* Debug */ = {
			isa = XCBuildConfiguration;
			baseConfigurationReference = 95C3AC61B9B2688B762031D4 /* Pods-RongCloudDemoUITests.debug.xcconfig */;
			buildSettings = {
				CODE_SIGN_STYLE = Automatic;
				INFOPLIST_FILE = RongCloudDemoUITests/Info.plist;
				LD_RUNPATH_SEARCH_PATHS = (
					"$(inherited)",
					"@executable_path/Frameworks",
					"@loader_path/Frameworks",
				);
				PRODUCT_BUNDLE_IDENTIFIER = RongCloud.RongCloudDemoUITests;
				PRODUCT_NAME = "$(TARGET_NAME)";
				TARGETED_DEVICE_FAMILY = "1,2";
				TEST_TARGET_NAME = RongCloudDemo;
			};
			name = Debug;
		};
		3B1A7E9521ACDF01000B06D4 /* Release */ = {
			isa = XCBuildConfiguration;
			baseConfigurationReference = 8586DDC8AB439F48653F578A /* Pods-RongCloudDemoUITests.release.xcconfig */;
			buildSettings = {
				CODE_SIGN_STYLE = Automatic;
				INFOPLIST_FILE = RongCloudDemoUITests/Info.plist;
				LD_RUNPATH_SEARCH_PATHS = (
					"$(inherited)",
					"@executable_path/Frameworks",
					"@loader_path/Frameworks",
				);
				PRODUCT_BUNDLE_IDENTIFIER = RongCloud.RongCloudDemoUITests;
				PRODUCT_NAME = "$(TARGET_NAME)";
				TARGETED_DEVICE_FAMILY = "1,2";
				TEST_TARGET_NAME = RongCloudDemo;
			};
			name = Release;
		};
/* End XCBuildConfiguration section */

/* Begin XCConfigurationList section */
		3B1A7E5C21ACDEFE000B06D4 /* Build configuration list for PBXProject "RongCloudDemo" */ = {
			isa = XCConfigurationList;
			buildConfigurations = (
				3B1A7E8B21ACDF01000B06D4 /* Debug */,
				3B1A7E8C21ACDF01000B06D4 /* Release */,
			);
			defaultConfigurationIsVisible = 0;
			defaultConfigurationName = Release;
		};
		3B1A7E8D21ACDF01000B06D4 /* Build configuration list for PBXNativeTarget "RongCloudDemo" */ = {
			isa = XCConfigurationList;
			buildConfigurations = (
				3B1A7E8E21ACDF01000B06D4 /* Debug */,
				3B1A7E8F21ACDF01000B06D4 /* Release */,
			);
			defaultConfigurationIsVisible = 0;
			defaultConfigurationName = Release;
		};
		3B1A7E9021ACDF01000B06D4 /* Build configuration list for PBXNativeTarget "RongCloudDemoTests" */ = {
			isa = XCConfigurationList;
			buildConfigurations = (
				3B1A7E9121ACDF01000B06D4 /* Debug */,
				3B1A7E9221ACDF01000B06D4 /* Release */,
			);
			defaultConfigurationIsVisible = 0;
			defaultConfigurationName = Release;
		};
		3B1A7E9321ACDF01000B06D4 /* Build configuration list for PBXNativeTarget "RongCloudDemoUITests" */ = {
			isa = XCConfigurationList;
			buildConfigurations = (
				3B1A7E9421ACDF01000B06D4 /* Debug */,
				3B1A7E9521ACDF01000B06D4 /* Release */,
			);
			defaultConfigurationIsVisible = 0;
			defaultConfigurationName = Release;
		};
/* End XCConfigurationList section */
	};
	rootObject = 3B1A7E5921ACDEFE000B06D4 /* Project object */;
}
